{
  "object": {
    "pins": [
      {
        "package": "Alamofire",
        "repositoryURL": "https://github.com/JrGoodle/Alamofire.git",
        "state": {
          "branch": "linux",
          "revision": "23a86820efba8724c8c60ee1f7fcae3ea51175de",
          "version": null
        }
      }
    ]
  },
  "version": 1
}
