// !$*UTF8*$!
{
	archiveVersion = 1;
	classes = {
	};
	objectVersion = 46;
	objects = {

/* Begin PBXBuildFile section */
		OBJ_100 /* ServerTrustPolicy.swift in Sources */ = {isa = PBXBuildFile; fileRef = OBJ_42 /* ServerTrustPolicy.swift */; };
		OBJ_101 /* SessionDelegate.swift in Sources */ = {isa = PBXBuildFile; fileRef = OBJ_43 /* SessionDelegate.swift */; };
		OBJ_102 /* SessionManager.swift in Sources */ = {isa = PBXBuildFile; fileRef = OBJ_44 /* SessionManager.swift */; };
		OBJ_103 /* TaskDelegate.swift in Sources */ = {isa = PBXBuildFile; fileRef = OBJ_45 /* TaskDelegate.swift */; };
		OBJ_104 /* Timeline.swift in Sources */ = {isa = PBXBuildFile; fileRef = OBJ_46 /* Timeline.swift */; };
		OBJ_105 /* Validation.swift in Sources */ = {isa = PBXBuildFile; fileRef = OBJ_47 /* Validation.swift */; };
		OBJ_56 /* Package.swift in Sources */ = {isa = PBXBuildFile; fileRef = OBJ_6 /* Package.swift */; };
		OBJ_62 /* Package.swift in Sources */ = {isa = PBXBuildFile; fileRef = OBJ_30 /* Package.swift */; };
		OBJ_68 /* JIRAIssuesController.swift in Sources */ = {isa = PBXBuildFile; fileRef = OBJ_10 /* JIRAIssuesController.swift */; };
		OBJ_69 /* Array+ParameterEncoding.swift in Sources */ = {isa = PBXBuildFile; fileRef = OBJ_12 /* Array+ParameterEncoding.swift */; };
		OBJ_70 /* Date+IS08601.swift in Sources */ = {isa = PBXBuildFile; fileRef = OBJ_13 /* Date+IS08601.swift */; };
		OBJ_71 /* HexColor.swift in Sources */ = {isa = PBXBuildFile; fileRef = OBJ_14 /* HexColor.swift */; };
		OBJ_72 /* JIRAGlobals.swift in Sources */ = {isa = PBXBuildFile; fileRef = OBJ_15 /* JIRAGlobals.swift */; };
		OBJ_73 /* JIRACommentWebhookEvent.swift in Sources */ = {isa = PBXBuildFile; fileRef = OBJ_17 /* JIRACommentWebhookEvent.swift */; };
		OBJ_74 /* JIRAEvents.swift in Sources */ = {isa = PBXBuildFile; fileRef = OBJ_18 /* JIRAEvents.swift */; };
		OBJ_75 /* JIRAIssue.swift in Sources */ = {isa = PBXBuildFile; fileRef = OBJ_19 /* JIRAIssue.swift */; };
		OBJ_76 /* JIRAIssueWebhookEvent.swift in Sources */ = {isa = PBXBuildFile; fileRef = OBJ_20 /* JIRAIssueWebhookEvent.swift */; };
		OBJ_77 /* JIRAProject.swift in Sources */ = {isa = PBXBuildFile; fileRef = OBJ_21 /* JIRAProject.swift */; };
		OBJ_78 /* JIRAUser.swift in Sources */ = {isa = PBXBuildFile; fileRef = OBJ_22 /* JIRAUser.swift */; };
		OBJ_79 /* JIRAWorkflowScheme.swift in Sources */ = {isa = PBXBuildFile; fileRef = OBJ_23 /* JIRAWorkflowScheme.swift */; };
		OBJ_80 /* JIRAIssuesRouter.swift in Sources */ = {isa = PBXBuildFile; fileRef = OBJ_25 /* JIRAIssuesRouter.swift */; };
		OBJ_82 /* Alamofire.framework in Frameworks */ = {isa = PBXBuildFile; fileRef = "Alamofire::Alamofire::Product" /* Alamofire.framework */; };
		OBJ_89 /* AFError.swift in Sources */ = {isa = PBXBuildFile; fileRef = OBJ_31 /* AFError.swift */; };
		OBJ_90 /* Alamofire.swift in Sources */ = {isa = PBXBuildFile; fileRef = OBJ_32 /* Alamofire.swift */; };
		OBJ_91 /* DispatchQueue+Alamofire.swift in Sources */ = {isa = PBXBuildFile; fileRef = OBJ_33 /* DispatchQueue+Alamofire.swift */; };
		OBJ_92 /* MultipartFormData.swift in Sources */ = {isa = PBXBuildFile; fileRef = OBJ_34 /* MultipartFormData.swift */; };
		OBJ_93 /* NetworkReachabilityManager.swift in Sources */ = {isa = PBXBuildFile; fileRef = OBJ_35 /* NetworkReachabilityManager.swift */; };
		OBJ_94 /* Notifications.swift in Sources */ = {isa = PBXBuildFile; fileRef = OBJ_36 /* Notifications.swift */; };
		OBJ_95 /* ParameterEncoding.swift in Sources */ = {isa = PBXBuildFile; fileRef = OBJ_37 /* ParameterEncoding.swift */; };
		OBJ_96 /* Request.swift in Sources */ = {isa = PBXBuildFile; fileRef = OBJ_38 /* Request.swift */; };
		OBJ_97 /* Response.swift in Sources */ = {isa = PBXBuildFile; fileRef = OBJ_39 /* Response.swift */; };
		OBJ_98 /* ResponseSerialization.swift in Sources */ = {isa = PBXBuildFile; fileRef = OBJ_40 /* ResponseSerialization.swift */; };
		OBJ_99 /* Result.swift in Sources */ = {isa = PBXBuildFile; fileRef = OBJ_41 /* Result.swift */; };
/* End PBXBuildFile section */

/* Begin PBXContainerItemProxy section */
		C605F38A1FC61B4A00A3891F /* PBXContainerItemProxy */ = {
			isa = PBXContainerItemProxy;
			containerPortal = OBJ_1 /* Project object */;
			proxyType = 1;
			remoteGlobalIDString = "Alamofire::Alamofire";
			remoteInfo = Alamofire;
		};
/* End PBXContainerItemProxy section */

/* Begin PBXFileReference section */
		"Alamofire::Alamofire::Product" /* Alamofire.framework */ = {isa = PBXFileReference; explicitFileType = wrapper.framework; path = Alamofire.framework; sourceTree = BUILT_PRODUCTS_DIR; };
		OBJ_10 /* JIRAIssuesController.swift */ = {isa = PBXFileReference; lastKnownFileType = sourcecode.swift; path = JIRAIssuesController.swift; sourceTree = "<group>"; };
		OBJ_12 /* Array+ParameterEncoding.swift */ = {isa = PBXFileReference; lastKnownFileType = sourcecode.swift; path = "Array+ParameterEncoding.swift"; sourceTree = "<group>"; };
		OBJ_13 /* Date+IS08601.swift */ = {isa = PBXFileReference; lastKnownFileType = sourcecode.swift; path = "Date+IS08601.swift"; sourceTree = "<group>"; };
		OBJ_14 /* HexColor.swift */ = {isa = PBXFileReference; lastKnownFileType = sourcecode.swift; path = HexColor.swift; sourceTree = "<group>"; };
		OBJ_15 /* JIRAGlobals.swift */ = {isa = PBXFileReference; lastKnownFileType = sourcecode.swift; path = JIRAGlobals.swift; sourceTree = "<group>"; };
		OBJ_17 /* JIRACommentWebhookEvent.swift */ = {isa = PBXFileReference; lastKnownFileType = sourcecode.swift; path = JIRACommentWebhookEvent.swift; sourceTree = "<group>"; };
		OBJ_18 /* JIRAEvents.swift */ = {isa = PBXFileReference; lastKnownFileType = sourcecode.swift; path = JIRAEvents.swift; sourceTree = "<group>"; };
		OBJ_19 /* JIRAIssue.swift */ = {isa = PBXFileReference; lastKnownFileType = sourcecode.swift; path = JIRAIssue.swift; sourceTree = "<group>"; };
		OBJ_20 /* JIRAIssueWebhookEvent.swift */ = {isa = PBXFileReference; lastKnownFileType = sourcecode.swift; path = JIRAIssueWebhookEvent.swift; sourceTree = "<group>"; };
		OBJ_21 /* JIRAProject.swift */ = {isa = PBXFileReference; lastKnownFileType = sourcecode.swift; path = JIRAProject.swift; sourceTree = "<group>"; };
		OBJ_22 /* JIRAUser.swift */ = {isa = PBXFileReference; lastKnownFileType = sourcecode.swift; path = JIRAUser.swift; sourceTree = "<group>"; };
		OBJ_23 /* JIRAWorkflowScheme.swift */ = {isa = PBXFileReference; lastKnownFileType = sourcecode.swift; path = JIRAWorkflowScheme.swift; sourceTree = "<group>"; };
		OBJ_25 /* JIRAIssuesRouter.swift */ = {isa = PBXFileReference; lastKnownFileType = sourcecode.swift; path = JIRAIssuesRouter.swift; sourceTree = "<group>"; };
		OBJ_27 /* script */ = {isa = PBXFileReference; lastKnownFileType = folder; path = script; sourceTree = SOURCE_ROOT; };
		OBJ_30 /* Package.swift */ = {isa = PBXFileReference; explicitFileType = sourcecode.swift; name = Package.swift; path = "/Users/goodle/github/BugHub/SwiftyJIRA/.build/checkouts/Alamofire.git-1442282756688770939/Package.swift"; sourceTree = "<group>"; };
		OBJ_31 /* AFError.swift */ = {isa = PBXFileReference; lastKnownFileType = sourcecode.swift; path = AFError.swift; sourceTree = "<group>"; };
		OBJ_32 /* Alamofire.swift */ = {isa = PBXFileReference; lastKnownFileType = sourcecode.swift; path = Alamofire.swift; sourceTree = "<group>"; };
		OBJ_33 /* DispatchQueue+Alamofire.swift */ = {isa = PBXFileReference; lastKnownFileType = sourcecode.swift; path = "DispatchQueue+Alamofire.swift"; sourceTree = "<group>"; };
		OBJ_34 /* MultipartFormData.swift */ = {isa = PBXFileReference; lastKnownFileType = sourcecode.swift; path = MultipartFormData.swift; sourceTree = "<group>"; };
		OBJ_35 /* NetworkReachabilityManager.swift */ = {isa = PBXFileReference; lastKnownFileType = sourcecode.swift; path = NetworkReachabilityManager.swift; sourceTree = "<group>"; };
		OBJ_36 /* Notifications.swift */ = {isa = PBXFileReference; lastKnownFileType = sourcecode.swift; path = Notifications.swift; sourceTree = "<group>"; };
		OBJ_37 /* ParameterEncoding.swift */ = {isa = PBXFileReference; lastKnownFileType = sourcecode.swift; path = ParameterEncoding.swift; sourceTree = "<group>"; };
		OBJ_38 /* Request.swift */ = {isa = PBXFileReference; lastKnownFileType = sourcecode.swift; path = Request.swift; sourceTree = "<group>"; };
		OBJ_39 /* Response.swift */ = {isa = PBXFileReference; lastKnownFileType = sourcecode.swift; path = Response.swift; sourceTree = "<group>"; };
		OBJ_40 /* ResponseSerialization.swift */ = {isa = PBXFileReference; lastKnownFileType = sourcecode.swift; path = ResponseSerialization.swift; sourceTree = "<group>"; };
		OBJ_41 /* Result.swift */ = {isa = PBXFileReference; lastKnownFileType = sourcecode.swift; path = Result.swift; sourceTree = "<group>"; };
		OBJ_42 /* ServerTrustPolicy.swift */ = {isa = PBXFileReference; lastKnownFileType = sourcecode.swift; path = ServerTrustPolicy.swift; sourceTree = "<group>"; };
		OBJ_43 /* SessionDelegate.swift */ = {isa = PBXFileReference; lastKnownFileType = sourcecode.swift; path = SessionDelegate.swift; sourceTree = "<group>"; };
		OBJ_44 /* SessionManager.swift */ = {isa = PBXFileReference; lastKnownFileType = sourcecode.swift; path = SessionManager.swift; sourceTree = "<group>"; };
		OBJ_45 /* TaskDelegate.swift */ = {isa = PBXFileReference; lastKnownFileType = sourcecode.swift; path = TaskDelegate.swift; sourceTree = "<group>"; };
		OBJ_46 /* Timeline.swift */ = {isa = PBXFileReference; lastKnownFileType = sourcecode.swift; path = Timeline.swift; sourceTree = "<group>"; };
		OBJ_47 /* Validation.swift */ = {isa = PBXFileReference; lastKnownFileType = sourcecode.swift; path = Validation.swift; sourceTree = "<group>"; };
		OBJ_6 /* Package.swift */ = {isa = PBXFileReference; explicitFileType = sourcecode.swift; path = Package.swift; sourceTree = "<group>"; };
		"SwiftyJIRA::SwiftyJIRA::Product" /* SwiftyJIRA.framework */ = {isa = PBXFileReference; lastKnownFileType = wrapper.framework; path = SwiftyJIRA.framework; sourceTree = BUILT_PRODUCTS_DIR; };
/* End PBXFileReference section */

/* Begin PBXFrameworksBuildPhase section */
		OBJ_106 /* Frameworks */ = {
			isa = PBXFrameworksBuildPhase;
			buildActionMask = 0;
			files = (
			);
			runOnlyForDeploymentPostprocessing = 0;
		};
		OBJ_81 /* Frameworks */ = {
			isa = PBXFrameworksBuildPhase;
			buildActionMask = 0;
			files = (
				OBJ_82 /* Alamofire.framework in Frameworks */,
			);
			runOnlyForDeploymentPostprocessing = 0;
		};
/* End PBXFrameworksBuildPhase section */

/* Begin PBXGroup section */
		OBJ_11 /* Extensions */ = {
			isa = PBXGroup;
			children = (
				OBJ_12 /* Array+ParameterEncoding.swift */,
				OBJ_13 /* Date+IS08601.swift */,
			);
			path = Extensions;
			sourceTree = "<group>";
		};
		OBJ_16 /* Models */ = {
			isa = PBXGroup;
			children = (
				OBJ_17 /* JIRACommentWebhookEvent.swift */,
				OBJ_18 /* JIRAEvents.swift */,
				OBJ_19 /* JIRAIssue.swift */,
				OBJ_20 /* JIRAIssueWebhookEvent.swift */,
				OBJ_21 /* JIRAProject.swift */,
				OBJ_22 /* JIRAUser.swift */,
				OBJ_23 /* JIRAWorkflowScheme.swift */,
			);
			path = Models;
			sourceTree = "<group>";
		};
		OBJ_24 /* Routers */ = {
			isa = PBXGroup;
			children = (
				OBJ_25 /* JIRAIssuesRouter.swift */,
			);
			path = Routers;
			sourceTree = "<group>";
		};
		OBJ_26 /* Tests */ = {
			isa = PBXGroup;
			children = (
			);
			name = Tests;
			sourceTree = SOURCE_ROOT;
		};
		OBJ_28 /* Dependencies */ = {
			isa = PBXGroup;
			children = (
				OBJ_29 /* Alamofire */,
			);
			name = Dependencies;
			sourceTree = "<group>";
		};
		OBJ_29 /* Alamofire */ = {
			isa = PBXGroup;
			children = (
				OBJ_30 /* Package.swift */,
				OBJ_31 /* AFError.swift */,
				OBJ_32 /* Alamofire.swift */,
				OBJ_33 /* DispatchQueue+Alamofire.swift */,
				OBJ_34 /* MultipartFormData.swift */,
				OBJ_35 /* NetworkReachabilityManager.swift */,
				OBJ_36 /* Notifications.swift */,
				OBJ_37 /* ParameterEncoding.swift */,
				OBJ_38 /* Request.swift */,
				OBJ_39 /* Response.swift */,
				OBJ_40 /* ResponseSerialization.swift */,
				OBJ_41 /* Result.swift */,
				OBJ_42 /* ServerTrustPolicy.swift */,
				OBJ_43 /* SessionDelegate.swift */,
				OBJ_44 /* SessionManager.swift */,
				OBJ_45 /* TaskDelegate.swift */,
				OBJ_46 /* Timeline.swift */,
				OBJ_47 /* Validation.swift */,
			);
			name = Alamofire;
			path = ".build/checkouts/Alamofire.git-1442282756688770939/Source";
			sourceTree = SOURCE_ROOT;
		};
		OBJ_48 /* Products */ = {
			isa = PBXGroup;
			children = (
				"SwiftyJIRA::SwiftyJIRA::Product" /* SwiftyJIRA.framework */,
				"Alamofire::Alamofire::Product" /* Alamofire.framework */,
			);
			name = Products;
			sourceTree = BUILT_PRODUCTS_DIR;
		};
		OBJ_5 /*  */ = {
			isa = PBXGroup;
			children = (
				OBJ_6 /* Package.swift */,
				OBJ_7 /* Sources */,
				OBJ_26 /* Tests */,
				OBJ_27 /* script */,
				OBJ_28 /* Dependencies */,
				OBJ_48 /* Products */,
			);
			name = "";
			sourceTree = "<group>";
		};
		OBJ_7 /* Sources */ = {
			isa = PBXGroup;
			children = (
				OBJ_8 /* Controllers */,
				OBJ_11 /* Extensions */,
				OBJ_14 /* HexColor.swift */,
				OBJ_15 /* JIRAGlobals.swift */,
				OBJ_16 /* Models */,
				OBJ_24 /* Routers */,
			);
			path = Sources;
			sourceTree = SOURCE_ROOT;
		};
		OBJ_8 /* Controllers */ = {
			isa = PBXGroup;
			children = (
				OBJ_9 /* Issues */,
			);
			path = Controllers;
			sourceTree = "<group>";
		};
		OBJ_9 /* Issues */ = {
			isa = PBXGroup;
			children = (
				OBJ_10 /* JIRAIssuesController.swift */,
			);
			path = Issues;
			sourceTree = "<group>";
		};
/* End PBXGroup section */

/* Begin PBXNativeTarget section */
		"Alamofire::Alamofire" /* Alamofire */ = {
			isa = PBXNativeTarget;
			buildConfigurationList = OBJ_85 /* Build configuration list for PBXNativeTarget "Alamofire" */;
			buildPhases = (
				OBJ_88 /* Sources */,
				OBJ_106 /* Frameworks */,
			);
			buildRules = (
			);
			dependencies = (
			);
			name = Alamofire;
			productName = Alamofire;
			productReference = "Alamofire::Alamofire::Product" /* Alamofire.framework */;
			productType = "com.apple.product-type.framework";
		};
		"Alamofire::SwiftPMPackageDescription" /* AlamofirePackageDescription */ = {
			isa = PBXNativeTarget;
			buildConfigurationList = OBJ_58 /* Build configuration list for PBXNativeTarget "AlamofirePackageDescription" */;
			buildPhases = (
				OBJ_61 /* Sources */,
			);
			buildRules = (
			);
			dependencies = (
			);
			name = AlamofirePackageDescription;
			productName = AlamofirePackageDescription;
			productType = "com.apple.product-type.framework";
		};
		"SwiftyJIRA::SwiftPMPackageDescription" /* SwiftyJIRAPackageDescription */ = {
			isa = PBXNativeTarget;
			buildConfigurationList = OBJ_52 /* Build configuration list for PBXNativeTarget "SwiftyJIRAPackageDescription" */;
			buildPhases = (
				OBJ_55 /* Sources */,
			);
			buildRules = (
			);
			dependencies = (
			);
			name = SwiftyJIRAPackageDescription;
			productName = SwiftyJIRAPackageDescription;
			productType = "com.apple.product-type.framework";
		};
		"SwiftyJIRA::SwiftyJIRA" /* SwiftyJIRA */ = {
			isa = PBXNativeTarget;
			buildConfigurationList = OBJ_64 /* Build configuration list for PBXNativeTarget "SwiftyJIRA" */;
			buildPhases = (
				OBJ_67 /* Sources */,
				OBJ_81 /* Frameworks */,
			);
			buildRules = (
			);
			dependencies = (
				OBJ_83 /* PBXTargetDependency */,
			);
			name = SwiftyJIRA;
			productName = SwiftyJIRA;
			productReference = "SwiftyJIRA::SwiftyJIRA::Product" /* SwiftyJIRA.framework */;
			productType = "com.apple.product-type.framework";
		};
/* End PBXNativeTarget section */

/* Begin PBXProject section */
		OBJ_1 /* Project object */ = {
			isa = PBXProject;
			attributes = {
				LastUpgradeCheck = 9999;
			};
			buildConfigurationList = OBJ_2 /* Build configuration list for PBXProject "SwiftyJIRA" */;
			compatibilityVersion = "Xcode 3.2";
			developmentRegion = English;
			hasScannedForEncodings = 0;
			knownRegions = (
				en,
			);
			mainGroup = OBJ_5 /*  */;
			productRefGroup = OBJ_48 /* Products */;
			projectDirPath = "";
			projectRoot = "";
			targets = (
				"SwiftyJIRA::SwiftPMPackageDescription" /* SwiftyJIRAPackageDescription */,
				"Alamofire::SwiftPMPackageDescription" /* AlamofirePackageDescription */,
				"SwiftyJIRA::SwiftyJIRA" /* SwiftyJIRA */,
				"Alamofire::Alamofire" /* Alamofire */,
			);
		};
/* End PBXProject section */

/* Begin PBXSourcesBuildPhase section */
		OBJ_55 /* Sources */ = {
			isa = PBXSourcesBuildPhase;
			buildActionMask = 0;
			files = (
				OBJ_56 /* Package.swift in Sources */,
			);
			runOnlyForDeploymentPostprocessing = 0;
		};
		OBJ_61 /* Sources */ = {
			isa = PBXSourcesBuildPhase;
			buildActionMask = 0;
			files = (
				OBJ_62 /* Package.swift in Sources */,
			);
			runOnlyForDeploymentPostprocessing = 0;
		};
		OBJ_67 /* Sources */ = {
			isa = PBXSourcesBuildPhase;
			buildActionMask = 0;
			files = (
				OBJ_68 /* JIRAIssuesController.swift in Sources */,
				OBJ_69 /* Array+ParameterEncoding.swift in Sources */,
				OBJ_70 /* Date+IS08601.swift in Sources */,
				OBJ_71 /* HexColor.swift in Sources */,
				OBJ_72 /* JIRAGlobals.swift in Sources */,
				OBJ_73 /* JIRACommentWebhookEvent.swift in Sources */,
				OBJ_74 /* JIRAEvents.swift in Sources */,
				OBJ_75 /* JIRAIssue.swift in Sources */,
				OBJ_76 /* JIRAIssueWebhookEvent.swift in Sources */,
				OBJ_77 /* JIRAProject.swift in Sources */,
				OBJ_78 /* JIRAUser.swift in Sources */,
				OBJ_79 /* JIRAWorkflowScheme.swift in Sources */,
				OBJ_80 /* JIRAIssuesRouter.swift in Sources */,
			);
			runOnlyForDeploymentPostprocessing = 0;
		};
		OBJ_88 /* Sources */ = {
			isa = PBXSourcesBuildPhase;
			buildActionMask = 0;
			files = (
				OBJ_89 /* AFError.swift in Sources */,
				OBJ_90 /* Alamofire.swift in Sources */,
				OBJ_91 /* DispatchQueue+Alamofire.swift in Sources */,
				OBJ_92 /* MultipartFormData.swift in Sources */,
				OBJ_93 /* NetworkReachabilityManager.swift in Sources */,
				OBJ_94 /* Notifications.swift in Sources */,
				OBJ_95 /* ParameterEncoding.swift in Sources */,
				OBJ_96 /* Request.swift in Sources */,
				OBJ_97 /* Response.swift in Sources */,
				OBJ_98 /* ResponseSerialization.swift in Sources */,
				OBJ_99 /* Result.swift in Sources */,
				OBJ_100 /* ServerTrustPolicy.swift in Sources */,
				OBJ_101 /* SessionDelegate.swift in Sources */,
				OBJ_102 /* SessionManager.swift in Sources */,
				OBJ_103 /* TaskDelegate.swift in Sources */,
				OBJ_104 /* Timeline.swift in Sources */,
				OBJ_105 /* Validation.swift in Sources */,
			);
			runOnlyForDeploymentPostprocessing = 0;
		};
/* End PBXSourcesBuildPhase section */

/* Begin PBXTargetDependency section */
		OBJ_83 /* PBXTargetDependency */ = {
			isa = PBXTargetDependency;
			target = "Alamofire::Alamofire" /* Alamofire */;
			targetProxy = C605F38A1FC61B4A00A3891F /* PBXContainerItemProxy */;
		};
/* End PBXTargetDependency section */

/* Begin XCBuildConfiguration section */
		OBJ_3 /* Debug */ = {
			isa = XCBuildConfiguration;
			buildSettings = {
				CLANG_ENABLE_OBJC_ARC = YES;
				COMBINE_HIDPI_IMAGES = YES;
				COPY_PHASE_STRIP = NO;
				DEBUG_INFORMATION_FORMAT = dwarf;
				DYLIB_INSTALL_NAME_BASE = "@rpath";
				ENABLE_NS_ASSERTIONS = YES;
				GCC_OPTIMIZATION_LEVEL = 0;
				MACOSX_DEPLOYMENT_TARGET = 10.10;
				ONLY_ACTIVE_ARCH = YES;
				OTHER_SWIFT_FLAGS = "-DXcode";
				PRODUCT_NAME = "$(TARGET_NAME)";
				SDKROOT = macosx;
				SUPPORTED_PLATFORMS = "macosx iphoneos iphonesimulator appletvos appletvsimulator watchos watchsimulator";
				SWIFT_ACTIVE_COMPILATION_CONDITIONS = SWIFT_PACKAGE;
				SWIFT_OPTIMIZATION_LEVEL = "-Onone";
				USE_HEADERMAP = NO;
			};
			name = Debug;
		};
		OBJ_4 /* Release */ = {
			isa = XCBuildConfiguration;
			buildSettings = {
				CLANG_ENABLE_OBJC_ARC = YES;
				COMBINE_HIDPI_IMAGES = YES;
				COPY_PHASE_STRIP = YES;
				DEBUG_INFORMATION_FORMAT = "dwarf-with-dsym";
				DYLIB_INSTALL_NAME_BASE = "@rpath";
				GCC_OPTIMIZATION_LEVEL = s;
				MACOSX_DEPLOYMENT_TARGET = 10.10;
				OTHER_SWIFT_FLAGS = "-DXcode";
				PRODUCT_NAME = "$(TARGET_NAME)";
				SDKROOT = macosx;
				SUPPORTED_PLATFORMS = "macosx iphoneos iphonesimulator appletvos appletvsimulator watchos watchsimulator";
				SWIFT_ACTIVE_COMPILATION_CONDITIONS = SWIFT_PACKAGE;
				SWIFT_OPTIMIZATION_LEVEL = "-Owholemodule";
				USE_HEADERMAP = NO;
			};
			name = Release;
		};
		OBJ_53 /* Debug */ = {
			isa = XCBuildConfiguration;
			buildSettings = {
				LD = /usr/bin/true;
				OTHER_SWIFT_FLAGS = "-swift-version 4 -I /Applications/Xcode.app/Contents/Developer/Toolchains/XcodeDefault.xctoolchain/usr/lib/swift/pm/4 -target x86_64-apple-macosx10.10 -sdk /Applications/Xcode.app/Contents/Developer/Platforms/MacOSX.platform/Developer/SDKs/MacOSX10.13.sdk";
				SWIFT_VERSION = 4.0;
			};
			name = Debug;
		};
		OBJ_54 /* Release */ = {
			isa = XCBuildConfiguration;
			buildSettings = {
				LD = /usr/bin/true;
				OTHER_SWIFT_FLAGS = "-swift-version 4 -I /Applications/Xcode.app/Contents/Developer/Toolchains/XcodeDefault.xctoolchain/usr/lib/swift/pm/4 -target x86_64-apple-macosx10.10 -sdk /Applications/Xcode.app/Contents/Developer/Platforms/MacOSX.platform/Developer/SDKs/MacOSX10.13.sdk";
				SWIFT_VERSION = 4.0;
			};
			name = Release;
		};
		OBJ_59 /* Debug */ = {
			isa = XCBuildConfiguration;
			buildSettings = {
				LD = /usr/bin/true;
				OTHER_SWIFT_FLAGS = "-swift-version 3 -I /Applications/Xcode.app/Contents/Developer/Toolchains/XcodeDefault.xctoolchain/usr/lib/swift/pm/3 -target x86_64-apple-macosx10.10 -sdk /Applications/Xcode.app/Contents/Developer/Platforms/MacOSX.platform/Developer/SDKs/MacOSX10.13.sdk";
				SWIFT_VERSION = 3.0;
			};
			name = Debug;
		};
		OBJ_60 /* Release */ = {
			isa = XCBuildConfiguration;
			buildSettings = {
				LD = /usr/bin/true;
				OTHER_SWIFT_FLAGS = "-swift-version 3 -I /Applications/Xcode.app/Contents/Developer/Toolchains/XcodeDefault.xctoolchain/usr/lib/swift/pm/3 -target x86_64-apple-macosx10.10 -sdk /Applications/Xcode.app/Contents/Developer/Platforms/MacOSX.platform/Developer/SDKs/MacOSX10.13.sdk";
				SWIFT_VERSION = 3.0;
			};
			name = Release;
		};
		OBJ_65 /* Debug */ = {
			isa = XCBuildConfiguration;
			buildSettings = {
				ENABLE_TESTABILITY = YES;
				FRAMEWORK_SEARCH_PATHS = (
					"$(inherited)",
					"$(PLATFORM_DIR)/Developer/Library/Frameworks",
				);
				HEADER_SEARCH_PATHS = "$(inherited)";
				INFOPLIST_FILE = SwiftyJIRA.xcodeproj/SwiftyJIRA_Info.plist;
				LD_RUNPATH_SEARCH_PATHS = "$(TOOLCHAIN_DIR)/usr/lib/swift/macosx";
				OTHER_LDFLAGS = "$(inherited)";
				OTHER_SWIFT_FLAGS = "$(inherited)";
				PRODUCT_BUNDLE_IDENTIFIER = SwiftyJIRA;
				PRODUCT_MODULE_NAME = "$(TARGET_NAME:c99extidentifier)";
				PRODUCT_NAME = "$(TARGET_NAME:c99extidentifier)";
				SKIP_INSTALL = YES;
				SWIFT_VERSION = 4.0;
				TARGET_NAME = SwiftyJIRA;
			};
			name = Debug;
		};
		OBJ_66 /* Release */ = {
			isa = XCBuildConfiguration;
			buildSettings = {
				ENABLE_TESTABILITY = YES;
				FRAMEWORK_SEARCH_PATHS = (
					"$(inherited)",
					"$(PLATFORM_DIR)/Developer/Library/Frameworks",
				);
				HEADER_SEARCH_PATHS = "$(inherited)";
				INFOPLIST_FILE = SwiftyJIRA.xcodeproj/SwiftyJIRA_Info.plist;
				LD_RUNPATH_SEARCH_PATHS = "$(TOOLCHAIN_DIR)/usr/lib/swift/macosx";
				OTHER_LDFLAGS = "$(inherited)";
				OTHER_SWIFT_FLAGS = "$(inherited)";
				PRODUCT_BUNDLE_IDENTIFIER = SwiftyJIRA;
				PRODUCT_MODULE_NAME = "$(TARGET_NAME:c99extidentifier)";
				PRODUCT_NAME = "$(TARGET_NAME:c99extidentifier)";
				SKIP_INSTALL = YES;
				SWIFT_VERSION = 4.0;
				TARGET_NAME = SwiftyJIRA;
			};
			name = Release;
		};
		OBJ_86 /* Debug */ = {
			isa = XCBuildConfiguration;
			buildSettings = {
				ENABLE_TESTABILITY = YES;
				FRAMEWORK_SEARCH_PATHS = (
					"$(inherited)",
					"$(PLATFORM_DIR)/Developer/Library/Frameworks",
				);
				HEADER_SEARCH_PATHS = "$(inherited)";
				INFOPLIST_FILE = SwiftyJIRA.xcodeproj/Alamofire_Info.plist;
				LD_RUNPATH_SEARCH_PATHS = "$(TOOLCHAIN_DIR)/usr/lib/swift/macosx";
				OTHER_LDFLAGS = "$(inherited)";
				OTHER_SWIFT_FLAGS = "$(inherited)";
				PRODUCT_BUNDLE_IDENTIFIER = Alamofire;
				PRODUCT_MODULE_NAME = "$(TARGET_NAME:c99extidentifier)";
				PRODUCT_NAME = "$(TARGET_NAME:c99extidentifier)";
				SKIP_INSTALL = YES;
				SWIFT_VERSION = 3.0;
				TARGET_NAME = Alamofire;
			};
			name = Debug;
		};
		OBJ_87 /* Release */ = {
			isa = XCBuildConfiguration;
			buildSettings = {
				ENABLE_TESTABILITY = YES;
				FRAMEWORK_SEARCH_PATHS = (
					"$(inherited)",
					"$(PLATFORM_DIR)/Developer/Library/Frameworks",
				);
				HEADER_SEARCH_PATHS = "$(inherited)";
				INFOPLIST_FILE = SwiftyJIRA.xcodeproj/Alamofire_Info.plist;
				LD_RUNPATH_SEARCH_PATHS = "$(TOOLCHAIN_DIR)/usr/lib/swift/macosx";
				OTHER_LDFLAGS = "$(inherited)";
				OTHER_SWIFT_FLAGS = "$(inherited)";
				PRODUCT_BUNDLE_IDENTIFIER = Alamofire;
				PRODUCT_MODULE_NAME = "$(TARGET_NAME:c99extidentifier)";
				PRODUCT_NAME = "$(TARGET_NAME:c99extidentifier)";
				SKIP_INSTALL = YES;
				SWIFT_VERSION = 3.0;
				TARGET_NAME = Alamofire;
			};
			name = Release;
		};
/* End XCBuildConfiguration section */

/* Begin XCConfigurationList section */
		OBJ_2 /* Build configuration list for PBXProject "SwiftyJIRA" */ = {
			isa = XCConfigurationList;
			buildConfigurations = (
				OBJ_3 /* Debug */,
				OBJ_4 /* Release */,
			);
			defaultConfigurationIsVisible = 0;
			defaultConfigurationName = Debug;
		};
		OBJ_52 /* Build configuration list for PBXNativeTarget "SwiftyJIRAPackageDescription" */ = {
			isa = XCConfigurationList;
			buildConfigurations = (
				OBJ_53 /* Debug */,
				OBJ_54 /* Release */,
			);
			defaultConfigurationIsVisible = 0;
			defaultConfigurationName = Debug;
		};
		OBJ_58 /* Build configuration list for PBXNativeTarget "AlamofirePackageDescription" */ = {
			isa = XCConfigurationList;
			buildConfigurations = (
				OBJ_59 /* Debug */,
				OBJ_60 /* Release */,
			);
			defaultConfigurationIsVisible = 0;
			defaultConfigurationName = Debug;
		};
		OBJ_64 /* Build configuration list for PBXNativeTarget "SwiftyJIRA" */ = {
			isa = XCConfigurationList;
			buildConfigurations = (
				OBJ_65 /* Debug */,
				OBJ_66 /* Release */,
			);
			defaultConfigurationIsVisible = 0;
			defaultConfigurationName = Debug;
		};
		OBJ_85 /* Build configuration list for PBXNativeTarget "Alamofire" */ = {
			isa = XCConfigurationList;
			buildConfigurations = (
				OBJ_86 /* Debug */,
				OBJ_87 /* Release */,
			);
			defaultConfigurationIsVisible = 0;
			defaultConfigurationName = Debug;
		};
/* End XCConfigurationList section */
	};
	rootObject = OBJ_1 /* Project object */;
}
