// !$*UTF8*$!
{
	archiveVersion = 1;
	classes = {
	};
	objectVersion = 46;
	objects = {

/* Begin PBXAggregateTarget section */
		"SwiftyJIRA::SwiftyJIRAPackageTests::ProductTarget" /* SwiftyJIRAPackageTests */ = {
			isa = PBXAggregateTarget;
			buildConfigurationList = OBJ_167 /* Build configuration list for PBXAggregateTarget "SwiftyJIRAPackageTests" */;
			buildPhases = (
			);
			dependencies = (
				OBJ_170 /* PBXTargetDependency */,
			);
			name = SwiftyJIRAPackageTests;
			productName = SwiftyJIRAPackageTests;
		};
/* End PBXAggregateTarget section */

/* Begin PBXBuildFile section */
		C6940ECB1FCFA72200943C42 /* JIRASearchController.swift in Sources */ = {isa = PBXBuildFile; fileRef = C6940ECA1FCFA72200943C42 /* JIRASearchController.swift */; };
		C6940ECD1FCFA73600943C42 /* JIRASearchRouter.swift in Sources */ = {isa = PBXBuildFile; fileRef = C6940ECC1FCFA73600943C42 /* JIRASearchRouter.swift */; };
		C6940ECF1FCFA92900943C42 /* JIRASearch.swift in Sources */ = {isa = PBXBuildFile; fileRef = C6940ECE1FCFA92900943C42 /* JIRASearch.swift */; };
		OBJ_107 /* JIRAIssuesController+Comments.swift in Sources */ = {isa = PBXBuildFile; fileRef = OBJ_10 /* JIRAIssuesController+Comments.swift */; };
		OBJ_108 /* JIRAIssuesController+IssueLinks.swift in Sources */ = {isa = PBXBuildFile; fileRef = OBJ_11 /* JIRAIssuesController+IssueLinks.swift */; };
		OBJ_109 /* JIRAIssuesController+IssueType.swift in Sources */ = {isa = PBXBuildFile; fileRef = OBJ_12 /* JIRAIssuesController+IssueType.swift */; };
		OBJ_110 /* JIRAIssuesController.swift in Sources */ = {isa = PBXBuildFile; fileRef = OBJ_13 /* JIRAIssuesController.swift */; };
		OBJ_111 /* JIRAProjectsController.swift in Sources */ = {isa = PBXBuildFile; fileRef = OBJ_15 /* JIRAProjectsController.swift */; };
		OBJ_112 /* JIRAStatusesController+StatusCategory.swift in Sources */ = {isa = PBXBuildFile; fileRef = OBJ_17 /* JIRAStatusesController+StatusCategory.swift */; };
		OBJ_113 /* JIRAStatusesController.swift in Sources */ = {isa = PBXBuildFile; fileRef = OBJ_18 /* JIRAStatusesController.swift */; };
		OBJ_114 /* JIRAWorkflowsController+WorkflowScheme.swift in Sources */ = {isa = PBXBuildFile; fileRef = OBJ_20 /* JIRAWorkflowsController+WorkflowScheme.swift */; };
		OBJ_115 /* JIRAWorkflowsController.swift in Sources */ = {isa = PBXBuildFile; fileRef = OBJ_21 /* JIRAWorkflowsController.swift */; };
		OBJ_116 /* Array+ParameterEncoding.swift in Sources */ = {isa = PBXBuildFile; fileRef = OBJ_23 /* Array+ParameterEncoding.swift */; };
		OBJ_117 /* Date+IS08601.swift in Sources */ = {isa = PBXBuildFile; fileRef = OBJ_24 /* Date+IS08601.swift */; };
		OBJ_118 /* HexColor.swift in Sources */ = {isa = PBXBuildFile; fileRef = OBJ_25 /* HexColor.swift */; };
		OBJ_119 /* JIRAGlobals.swift in Sources */ = {isa = PBXBuildFile; fileRef = OBJ_26 /* JIRAGlobals.swift */; };
		OBJ_120 /* JIRAAttachmentWebhookEvent.swift in Sources */ = {isa = PBXBuildFile; fileRef = OBJ_28 /* JIRAAttachmentWebhookEvent.swift */; };
		OBJ_121 /* JIRACommentJSONBean.swift in Sources */ = {isa = PBXBuildFile; fileRef = OBJ_29 /* JIRACommentJSONBean.swift */; };
		OBJ_122 /* JIRACommentWebhookEvent.swift in Sources */ = {isa = PBXBuildFile; fileRef = OBJ_30 /* JIRACommentWebhookEvent.swift */; };
		OBJ_123 /* JIRAEnums.swift in Sources */ = {isa = PBXBuildFile; fileRef = OBJ_31 /* JIRAEnums.swift */; };
		OBJ_124 /* JIRAEvents.swift in Sources */ = {isa = PBXBuildFile; fileRef = OBJ_32 /* JIRAEvents.swift */; };
		OBJ_125 /* JIRAIssue.swift in Sources */ = {isa = PBXBuildFile; fileRef = OBJ_33 /* JIRAIssue.swift */; };
		OBJ_126 /* JIRAIssueWebhookEvent.swift in Sources */ = {isa = PBXBuildFile; fileRef = OBJ_34 /* JIRAIssueWebhookEvent.swift */; };
		OBJ_127 /* JIRAIssuelinkWebhookEvent.swift in Sources */ = {isa = PBXBuildFile; fileRef = OBJ_35 /* JIRAIssuelinkWebhookEvent.swift */; };
		OBJ_128 /* JIRAProject.swift in Sources */ = {isa = PBXBuildFile; fileRef = OBJ_36 /* JIRAProject.swift */; };
		OBJ_129 /* JIRARemoteLink.swift in Sources */ = {isa = PBXBuildFile; fileRef = OBJ_37 /* JIRARemoteLink.swift */; };
		OBJ_130 /* JIRASprintWebhookEvent.swift in Sources */ = {isa = PBXBuildFile; fileRef = OBJ_38 /* JIRASprintWebhookEvent.swift */; };
		OBJ_131 /* JIRAUserJSONBean.swift in Sources */ = {isa = PBXBuildFile; fileRef = OBJ_39 /* JIRAUserJSONBean.swift */; };
		OBJ_132 /* JIRAWorkflowScheme.swift in Sources */ = {isa = PBXBuildFile; fileRef = OBJ_40 /* JIRAWorkflowScheme.swift */; };
		OBJ_133 /* JIRAWorklogWebhookEvent.swift in Sources */ = {isa = PBXBuildFile; fileRef = OBJ_41 /* JIRAWorklogWebhookEvent.swift */; };
		OBJ_134 /* JIRAIssueTypeRouter.swift in Sources */ = {isa = PBXBuildFile; fileRef = OBJ_43 /* JIRAIssueTypeRouter.swift */; };
		OBJ_135 /* JIRAIssuesRouter.swift in Sources */ = {isa = PBXBuildFile; fileRef = OBJ_44 /* JIRAIssuesRouter.swift */; };
		OBJ_136 /* JIRAProjectsRouter.swift in Sources */ = {isa = PBXBuildFile; fileRef = OBJ_45 /* JIRAProjectsRouter.swift */; };
		OBJ_137 /* JIRAStatusCategoriesRouter.swift in Sources */ = {isa = PBXBuildFile; fileRef = OBJ_46 /* JIRAStatusCategoriesRouter.swift */; };
		OBJ_138 /* JIRAStatusesRouter.swift in Sources */ = {isa = PBXBuildFile; fileRef = OBJ_47 /* JIRAStatusesRouter.swift */; };
		OBJ_139 /* JIRAWorkflowSchemesRouter.swift in Sources */ = {isa = PBXBuildFile; fileRef = OBJ_48 /* JIRAWorkflowSchemesRouter.swift */; };
		OBJ_140 /* JIRAWorkflowsRouter.swift in Sources */ = {isa = PBXBuildFile; fileRef = OBJ_49 /* JIRAWorkflowsRouter.swift */; };
		OBJ_142 /* Alamofire.framework in Frameworks */ = {isa = PBXBuildFile; fileRef = "Alamofire::Alamofire::Product" /* Alamofire.framework */; };
		OBJ_148 /* AFError.swift in Sources */ = {isa = PBXBuildFile; fileRef = OBJ_57 /* AFError.swift */; };
		OBJ_149 /* Alamofire.swift in Sources */ = {isa = PBXBuildFile; fileRef = OBJ_58 /* Alamofire.swift */; };
		OBJ_150 /* DispatchQueue+Alamofire.swift in Sources */ = {isa = PBXBuildFile; fileRef = OBJ_59 /* DispatchQueue+Alamofire.swift */; };
		OBJ_151 /* MultipartFormData.swift in Sources */ = {isa = PBXBuildFile; fileRef = OBJ_60 /* MultipartFormData.swift */; };
		OBJ_152 /* NetworkReachabilityManager.swift in Sources */ = {isa = PBXBuildFile; fileRef = OBJ_61 /* NetworkReachabilityManager.swift */; };
		OBJ_153 /* Notifications.swift in Sources */ = {isa = PBXBuildFile; fileRef = OBJ_62 /* Notifications.swift */; };
		OBJ_154 /* ParameterEncoding.swift in Sources */ = {isa = PBXBuildFile; fileRef = OBJ_63 /* ParameterEncoding.swift */; };
		OBJ_155 /* Request.swift in Sources */ = {isa = PBXBuildFile; fileRef = OBJ_64 /* Request.swift */; };
		OBJ_156 /* Response.swift in Sources */ = {isa = PBXBuildFile; fileRef = OBJ_65 /* Response.swift */; };
		OBJ_157 /* ResponseSerialization.swift in Sources */ = {isa = PBXBuildFile; fileRef = OBJ_66 /* ResponseSerialization.swift */; };
		OBJ_158 /* Result.swift in Sources */ = {isa = PBXBuildFile; fileRef = OBJ_67 /* Result.swift */; };
		OBJ_159 /* ServerTrustPolicy.swift in Sources */ = {isa = PBXBuildFile; fileRef = OBJ_68 /* ServerTrustPolicy.swift */; };
		OBJ_160 /* SessionDelegate.swift in Sources */ = {isa = PBXBuildFile; fileRef = OBJ_69 /* SessionDelegate.swift */; };
		OBJ_161 /* SessionManager.swift in Sources */ = {isa = PBXBuildFile; fileRef = OBJ_70 /* SessionManager.swift */; };
		OBJ_162 /* TaskDelegate.swift in Sources */ = {isa = PBXBuildFile; fileRef = OBJ_71 /* TaskDelegate.swift */; };
		OBJ_163 /* Timeline.swift in Sources */ = {isa = PBXBuildFile; fileRef = OBJ_72 /* Timeline.swift */; };
		OBJ_164 /* Validation.swift in Sources */ = {isa = PBXBuildFile; fileRef = OBJ_73 /* Validation.swift */; };
		OBJ_83 /* Package.swift in Sources */ = {isa = PBXBuildFile; fileRef = OBJ_6 /* Package.swift */; };
		OBJ_89 /* Package.swift in Sources */ = {isa = PBXBuildFile; fileRef = OBJ_56 /* Package.swift */; };
		OBJ_95 /* IssuesTests.swift in Sources */ = {isa = PBXBuildFile; fileRef = OBJ_52 /* IssuesTests.swift */; };
		OBJ_97 /* SwiftyJIRA.framework in Frameworks */ = {isa = PBXBuildFile; fileRef = "SwiftyJIRA::SwiftyJIRA::Product" /* SwiftyJIRA.framework */; };
		OBJ_98 /* Alamofire.framework in Frameworks */ = {isa = PBXBuildFile; fileRef = "Alamofire::Alamofire::Product" /* Alamofire.framework */; };
/* End PBXBuildFile section */

/* Begin PBXContainerItemProxy section */
		C63407491FCE2E1E00A9CDD0 /* PBXContainerItemProxy */ = {
			isa = PBXContainerItemProxy;
			containerPortal = OBJ_1 /* Project object */;
			proxyType = 1;
			remoteGlobalIDString = "Alamofire::Alamofire";
			remoteInfo = Alamofire;
		};
		C634074A1FCE2E1E00A9CDD0 /* PBXContainerItemProxy */ = {
			isa = PBXContainerItemProxy;
			containerPortal = OBJ_1 /* Project object */;
			proxyType = 1;
			remoteGlobalIDString = "SwiftyJIRA::SwiftyJIRA";
			remoteInfo = SwiftyJIRA;
		};
		C634074B1FCE2E1E00A9CDD0 /* PBXContainerItemProxy */ = {
			isa = PBXContainerItemProxy;
			containerPortal = OBJ_1 /* Project object */;
			proxyType = 1;
			remoteGlobalIDString = "Alamofire::Alamofire";
			remoteInfo = Alamofire;
		};
		C634074C1FCE2E1E00A9CDD0 /* PBXContainerItemProxy */ = {
			isa = PBXContainerItemProxy;
			containerPortal = OBJ_1 /* Project object */;
			proxyType = 1;
			remoteGlobalIDString = "SwiftyJIRA::SwiftyJIRATests";
			remoteInfo = SwiftyJIRATests;
		};
/* End PBXContainerItemProxy section */

/* Begin PBXFileReference section */
		"Alamofire::Alamofire::Product" /* Alamofire.framework */ = {isa = PBXFileReference; explicitFileType = wrapper.framework; path = Alamofire.framework; sourceTree = BUILT_PRODUCTS_DIR; };
		C6940ECA1FCFA72200943C42 /* JIRASearchController.swift */ = {isa = PBXFileReference; lastKnownFileType = sourcecode.swift; path = JIRASearchController.swift; sourceTree = "<group>"; };
		C6940ECC1FCFA73600943C42 /* JIRASearchRouter.swift */ = {isa = PBXFileReference; lastKnownFileType = sourcecode.swift; path = JIRASearchRouter.swift; sourceTree = "<group>"; };
		C6940ECE1FCFA92900943C42 /* JIRASearch.swift */ = {isa = PBXFileReference; lastKnownFileType = sourcecode.swift; path = JIRASearch.swift; sourceTree = "<group>"; };
		OBJ_10 /* JIRAIssuesController+Comments.swift */ = {isa = PBXFileReference; lastKnownFileType = sourcecode.swift; path = "JIRAIssuesController+Comments.swift"; sourceTree = "<group>"; };
		OBJ_11 /* JIRAIssuesController+IssueLinks.swift */ = {isa = PBXFileReference; lastKnownFileType = sourcecode.swift; path = "JIRAIssuesController+IssueLinks.swift"; sourceTree = "<group>"; };
		OBJ_12 /* JIRAIssuesController+IssueType.swift */ = {isa = PBXFileReference; lastKnownFileType = sourcecode.swift; path = "JIRAIssuesController+IssueType.swift"; sourceTree = "<group>"; };
		OBJ_13 /* JIRAIssuesController.swift */ = {isa = PBXFileReference; lastKnownFileType = sourcecode.swift; path = JIRAIssuesController.swift; sourceTree = "<group>"; };
		OBJ_15 /* JIRAProjectsController.swift */ = {isa = PBXFileReference; lastKnownFileType = sourcecode.swift; path = JIRAProjectsController.swift; sourceTree = "<group>"; };
		OBJ_17 /* JIRAStatusesController+StatusCategory.swift */ = {isa = PBXFileReference; lastKnownFileType = sourcecode.swift; path = "JIRAStatusesController+StatusCategory.swift"; sourceTree = "<group>"; };
		OBJ_18 /* JIRAStatusesController.swift */ = {isa = PBXFileReference; lastKnownFileType = sourcecode.swift; path = JIRAStatusesController.swift; sourceTree = "<group>"; };
		OBJ_20 /* JIRAWorkflowsController+WorkflowScheme.swift */ = {isa = PBXFileReference; lastKnownFileType = sourcecode.swift; path = "JIRAWorkflowsController+WorkflowScheme.swift"; sourceTree = "<group>"; };
		OBJ_21 /* JIRAWorkflowsController.swift */ = {isa = PBXFileReference; lastKnownFileType = sourcecode.swift; path = JIRAWorkflowsController.swift; sourceTree = "<group>"; };
		OBJ_23 /* Array+ParameterEncoding.swift */ = {isa = PBXFileReference; lastKnownFileType = sourcecode.swift; path = "Array+ParameterEncoding.swift"; sourceTree = "<group>"; };
		OBJ_24 /* Date+IS08601.swift */ = {isa = PBXFileReference; lastKnownFileType = sourcecode.swift; path = "Date+IS08601.swift"; sourceTree = "<group>"; };
		OBJ_25 /* HexColor.swift */ = {isa = PBXFileReference; lastKnownFileType = sourcecode.swift; path = HexColor.swift; sourceTree = "<group>"; };
		OBJ_26 /* JIRAGlobals.swift */ = {isa = PBXFileReference; lastKnownFileType = sourcecode.swift; path = JIRAGlobals.swift; sourceTree = "<group>"; };
		OBJ_28 /* JIRAAttachmentWebhookEvent.swift */ = {isa = PBXFileReference; lastKnownFileType = sourcecode.swift; path = JIRAAttachmentWebhookEvent.swift; sourceTree = "<group>"; };
		OBJ_29 /* JIRACommentJSONBean.swift */ = {isa = PBXFileReference; lastKnownFileType = sourcecode.swift; path = JIRACommentJSONBean.swift; sourceTree = "<group>"; };
		OBJ_30 /* JIRACommentWebhookEvent.swift */ = {isa = PBXFileReference; lastKnownFileType = sourcecode.swift; path = JIRACommentWebhookEvent.swift; sourceTree = "<group>"; };
		OBJ_31 /* JIRAEnums.swift */ = {isa = PBXFileReference; lastKnownFileType = sourcecode.swift; path = JIRAEnums.swift; sourceTree = "<group>"; };
		OBJ_32 /* JIRAEvents.swift */ = {isa = PBXFileReference; lastKnownFileType = sourcecode.swift; path = JIRAEvents.swift; sourceTree = "<group>"; };
		OBJ_33 /* JIRAIssue.swift */ = {isa = PBXFileReference; lastKnownFileType = sourcecode.swift; path = JIRAIssue.swift; sourceTree = "<group>"; };
		OBJ_34 /* JIRAIssueWebhookEvent.swift */ = {isa = PBXFileReference; lastKnownFileType = sourcecode.swift; path = JIRAIssueWebhookEvent.swift; sourceTree = "<group>"; };
		OBJ_35 /* JIRAIssuelinkWebhookEvent.swift */ = {isa = PBXFileReference; lastKnownFileType = sourcecode.swift; path = JIRAIssuelinkWebhookEvent.swift; sourceTree = "<group>"; };
		OBJ_36 /* JIRAProject.swift */ = {isa = PBXFileReference; lastKnownFileType = sourcecode.swift; path = JIRAProject.swift; sourceTree = "<group>"; };
		OBJ_37 /* JIRARemoteLink.swift */ = {isa = PBXFileReference; lastKnownFileType = sourcecode.swift; path = JIRARemoteLink.swift; sourceTree = "<group>"; };
		OBJ_38 /* JIRASprintWebhookEvent.swift */ = {isa = PBXFileReference; lastKnownFileType = sourcecode.swift; path = JIRASprintWebhookEvent.swift; sourceTree = "<group>"; };
		OBJ_39 /* JIRAUserJSONBean.swift */ = {isa = PBXFileReference; lastKnownFileType = sourcecode.swift; path = JIRAUserJSONBean.swift; sourceTree = "<group>"; };
		OBJ_40 /* JIRAWorkflowScheme.swift */ = {isa = PBXFileReference; lastKnownFileType = sourcecode.swift; path = JIRAWorkflowScheme.swift; sourceTree = "<group>"; };
		OBJ_41 /* JIRAWorklogWebhookEvent.swift */ = {isa = PBXFileReference; lastKnownFileType = sourcecode.swift; path = JIRAWorklogWebhookEvent.swift; sourceTree = "<group>"; };
		OBJ_43 /* JIRAIssueTypeRouter.swift */ = {isa = PBXFileReference; lastKnownFileType = sourcecode.swift; path = JIRAIssueTypeRouter.swift; sourceTree = "<group>"; };
		OBJ_44 /* JIRAIssuesRouter.swift */ = {isa = PBXFileReference; lastKnownFileType = sourcecode.swift; path = JIRAIssuesRouter.swift; sourceTree = "<group>"; };
		OBJ_45 /* JIRAProjectsRouter.swift */ = {isa = PBXFileReference; lastKnownFileType = sourcecode.swift; path = JIRAProjectsRouter.swift; sourceTree = "<group>"; };
		OBJ_46 /* JIRAStatusCategoriesRouter.swift */ = {isa = PBXFileReference; lastKnownFileType = sourcecode.swift; path = JIRAStatusCategoriesRouter.swift; sourceTree = "<group>"; };
		OBJ_47 /* JIRAStatusesRouter.swift */ = {isa = PBXFileReference; lastKnownFileType = sourcecode.swift; path = JIRAStatusesRouter.swift; sourceTree = "<group>"; };
		OBJ_48 /* JIRAWorkflowSchemesRouter.swift */ = {isa = PBXFileReference; lastKnownFileType = sourcecode.swift; path = JIRAWorkflowSchemesRouter.swift; sourceTree = "<group>"; };
		OBJ_49 /* JIRAWorkflowsRouter.swift */ = {isa = PBXFileReference; lastKnownFileType = sourcecode.swift; path = JIRAWorkflowsRouter.swift; sourceTree = "<group>"; };
		OBJ_52 /* IssuesTests.swift */ = {isa = PBXFileReference; lastKnownFileType = sourcecode.swift; path = IssuesTests.swift; sourceTree = "<group>"; };
		OBJ_53 /* script */ = {isa = PBXFileReference; lastKnownFileType = folder; path = script; sourceTree = SOURCE_ROOT; };
		OBJ_56 /* Package.swift */ = {isa = PBXFileReference; explicitFileType = sourcecode.swift; name = Package.swift; path = "/Users/goodle/github/BugHub/SwiftyJIRA/.build/checkouts/Alamofire.git-1442282756688770939/Package.swift"; sourceTree = "<group>"; };
		OBJ_57 /* AFError.swift */ = {isa = PBXFileReference; lastKnownFileType = sourcecode.swift; path = AFError.swift; sourceTree = "<group>"; };
		OBJ_58 /* Alamofire.swift */ = {isa = PBXFileReference; lastKnownFileType = sourcecode.swift; path = Alamofire.swift; sourceTree = "<group>"; };
		OBJ_59 /* DispatchQueue+Alamofire.swift */ = {isa = PBXFileReference; lastKnownFileType = sourcecode.swift; path = "DispatchQueue+Alamofire.swift"; sourceTree = "<group>"; };
		OBJ_6 /* Package.swift */ = {isa = PBXFileReference; explicitFileType = sourcecode.swift; path = Package.swift; sourceTree = "<group>"; };
		OBJ_60 /* MultipartFormData.swift */ = {isa = PBXFileReference; lastKnownFileType = sourcecode.swift; path = MultipartFormData.swift; sourceTree = "<group>"; };
		OBJ_61 /* NetworkReachabilityManager.swift */ = {isa = PBXFileReference; lastKnownFileType = sourcecode.swift; path = NetworkReachabilityManager.swift; sourceTree = "<group>"; };
		OBJ_62 /* Notifications.swift */ = {isa = PBXFileReference; lastKnownFileType = sourcecode.swift; path = Notifications.swift; sourceTree = "<group>"; };
		OBJ_63 /* ParameterEncoding.swift */ = {isa = PBXFileReference; lastKnownFileType = sourcecode.swift; path = ParameterEncoding.swift; sourceTree = "<group>"; };
		OBJ_64 /* Request.swift */ = {isa = PBXFileReference; lastKnownFileType = sourcecode.swift; path = Request.swift; sourceTree = "<group>"; };
		OBJ_65 /* Response.swift */ = {isa = PBXFileReference; lastKnownFileType = sourcecode.swift; path = Response.swift; sourceTree = "<group>"; };
		OBJ_66 /* ResponseSerialization.swift */ = {isa = PBXFileReference; lastKnownFileType = sourcecode.swift; path = ResponseSerialization.swift; sourceTree = "<group>"; };
		OBJ_67 /* Result.swift */ = {isa = PBXFileReference; lastKnownFileType = sourcecode.swift; path = Result.swift; sourceTree = "<group>"; };
		OBJ_68 /* ServerTrustPolicy.swift */ = {isa = PBXFileReference; lastKnownFileType = sourcecode.swift; path = ServerTrustPolicy.swift; sourceTree = "<group>"; };
		OBJ_69 /* SessionDelegate.swift */ = {isa = PBXFileReference; lastKnownFileType = sourcecode.swift; path = SessionDelegate.swift; sourceTree = "<group>"; };
		OBJ_70 /* SessionManager.swift */ = {isa = PBXFileReference; lastKnownFileType = sourcecode.swift; path = SessionManager.swift; sourceTree = "<group>"; };
		OBJ_71 /* TaskDelegate.swift */ = {isa = PBXFileReference; lastKnownFileType = sourcecode.swift; path = TaskDelegate.swift; sourceTree = "<group>"; };
		OBJ_72 /* Timeline.swift */ = {isa = PBXFileReference; lastKnownFileType = sourcecode.swift; path = Timeline.swift; sourceTree = "<group>"; };
		OBJ_73 /* Validation.swift */ = {isa = PBXFileReference; lastKnownFileType = sourcecode.swift; path = Validation.swift; sourceTree = "<group>"; };
		"SwiftyJIRA::SwiftyJIRA::Product" /* SwiftyJIRA.framework */ = {isa = PBXFileReference; explicitFileType = wrapper.framework; path = SwiftyJIRA.framework; sourceTree = BUILT_PRODUCTS_DIR; };
		"SwiftyJIRA::SwiftyJIRATests::Product" /* SwiftyJIRATests.xctest */ = {isa = PBXFileReference; lastKnownFileType = file; path = SwiftyJIRATests.xctest; sourceTree = BUILT_PRODUCTS_DIR; };
/* End PBXFileReference section */

/* Begin PBXFrameworksBuildPhase section */
		OBJ_141 /* Frameworks */ = {
			isa = PBXFrameworksBuildPhase;
			buildActionMask = 0;
			files = (
				OBJ_142 /* Alamofire.framework in Frameworks */,
			);
			runOnlyForDeploymentPostprocessing = 0;
		};
		OBJ_165 /* Frameworks */ = {
			isa = PBXFrameworksBuildPhase;
			buildActionMask = 0;
			files = (
			);
			runOnlyForDeploymentPostprocessing = 0;
		};
		OBJ_96 /* Frameworks */ = {
			isa = PBXFrameworksBuildPhase;
			buildActionMask = 0;
			files = (
				OBJ_97 /* SwiftyJIRA.framework in Frameworks */,
				OBJ_98 /* Alamofire.framework in Frameworks */,
			);
			runOnlyForDeploymentPostprocessing = 0;
		};
/* End PBXFrameworksBuildPhase section */

/* Begin PBXGroup section */
		C6940EC91FCFA70D00943C42 /* Search */ = {
			isa = PBXGroup;
			children = (
				C6940ECA1FCFA72200943C42 /* JIRASearchController.swift */,
			);
			path = Search;
			sourceTree = "<group>";
		};
		OBJ_14 /* Projects */ = {
			isa = PBXGroup;
			children = (
				OBJ_15 /* JIRAProjectsController.swift */,
			);
			path = Projects;
			sourceTree = "<group>";
		};
		OBJ_16 /* Statuses */ = {
			isa = PBXGroup;
			children = (
				OBJ_17 /* JIRAStatusesController+StatusCategory.swift */,
				OBJ_18 /* JIRAStatusesController.swift */,
			);
			path = Statuses;
			sourceTree = "<group>";
		};
		OBJ_19 /* Workflows */ = {
			isa = PBXGroup;
			children = (
				OBJ_20 /* JIRAWorkflowsController+WorkflowScheme.swift */,
				OBJ_21 /* JIRAWorkflowsController.swift */,
			);
			path = Workflows;
			sourceTree = "<group>";
		};
		OBJ_22 /* Extensions */ = {
			isa = PBXGroup;
			children = (
				OBJ_23 /* Array+ParameterEncoding.swift */,
				OBJ_24 /* Date+IS08601.swift */,
			);
			path = Extensions;
			sourceTree = "<group>";
		};
		OBJ_27 /* Models */ = {
			isa = PBXGroup;
			children = (
				OBJ_28 /* JIRAAttachmentWebhookEvent.swift */,
				OBJ_29 /* JIRACommentJSONBean.swift */,
				OBJ_30 /* JIRACommentWebhookEvent.swift */,
				OBJ_31 /* JIRAEnums.swift */,
				OBJ_32 /* JIRAEvents.swift */,
				OBJ_33 /* JIRAIssue.swift */,
				OBJ_34 /* JIRAIssueWebhookEvent.swift */,
				OBJ_35 /* JIRAIssuelinkWebhookEvent.swift */,
				OBJ_36 /* JIRAProject.swift */,
				OBJ_37 /* JIRARemoteLink.swift */,
				OBJ_38 /* JIRASprintWebhookEvent.swift */,
				OBJ_39 /* JIRAUserJSONBean.swift */,
				OBJ_40 /* JIRAWorkflowScheme.swift */,
				OBJ_41 /* JIRAWorklogWebhookEvent.swift */,
				C6940ECE1FCFA92900943C42 /* JIRASearch.swift */,
			);
			path = Models;
			sourceTree = "<group>";
		};
		OBJ_42 /* Routers */ = {
			isa = PBXGroup;
			children = (
				OBJ_43 /* JIRAIssueTypeRouter.swift */,
				OBJ_44 /* JIRAIssuesRouter.swift */,
				OBJ_45 /* JIRAProjectsRouter.swift */,
				OBJ_46 /* JIRAStatusCategoriesRouter.swift */,
				OBJ_47 /* JIRAStatusesRouter.swift */,
				OBJ_48 /* JIRAWorkflowSchemesRouter.swift */,
				OBJ_49 /* JIRAWorkflowsRouter.swift */,
				C6940ECC1FCFA73600943C42 /* JIRASearchRouter.swift */,
			);
			path = Routers;
			sourceTree = "<group>";
		};
		OBJ_5 = {
			isa = PBXGroup;
			children = (
				OBJ_6 /* Package.swift */,
				OBJ_7 /* Sources */,
				OBJ_50 /* Tests */,
				OBJ_53 /* script */,
				OBJ_54 /* Dependencies */,
				OBJ_74 /* Products */,
			);
			sourceTree = "<group>";
		};
		OBJ_50 /* Tests */ = {
			isa = PBXGroup;
			children = (
				OBJ_51 /* SwiftyJIRATests */,
			);
			name = Tests;
			sourceTree = SOURCE_ROOT;
		};
		OBJ_51 /* SwiftyJIRATests */ = {
			isa = PBXGroup;
			children = (
				OBJ_52 /* IssuesTests.swift */,
			);
			name = SwiftyJIRATests;
			path = Tests/SwiftyJIRATests;
			sourceTree = SOURCE_ROOT;
		};
		OBJ_54 /* Dependencies */ = {
			isa = PBXGroup;
			children = (
				OBJ_55 /* Alamofire */,
			);
			name = Dependencies;
			sourceTree = "<group>";
		};
		OBJ_55 /* Alamofire */ = {
			isa = PBXGroup;
			children = (
				OBJ_56 /* Package.swift */,
				OBJ_57 /* AFError.swift */,
				OBJ_58 /* Alamofire.swift */,
				OBJ_59 /* DispatchQueue+Alamofire.swift */,
				OBJ_60 /* MultipartFormData.swift */,
				OBJ_61 /* NetworkReachabilityManager.swift */,
				OBJ_62 /* Notifications.swift */,
				OBJ_63 /* ParameterEncoding.swift */,
				OBJ_64 /* Request.swift */,
				OBJ_65 /* Response.swift */,
				OBJ_66 /* ResponseSerialization.swift */,
				OBJ_67 /* Result.swift */,
				OBJ_68 /* ServerTrustPolicy.swift */,
				OBJ_69 /* SessionDelegate.swift */,
				OBJ_70 /* SessionManager.swift */,
				OBJ_71 /* TaskDelegate.swift */,
				OBJ_72 /* Timeline.swift */,
				OBJ_73 /* Validation.swift */,
			);
			name = Alamofire;
			path = ".build/checkouts/Alamofire.git-1442282756688770939/Source";
			sourceTree = SOURCE_ROOT;
		};
		OBJ_7 /* Sources */ = {
			isa = PBXGroup;
			children = (
				OBJ_8 /* Controllers */,
				OBJ_22 /* Extensions */,
				OBJ_25 /* HexColor.swift */,
				OBJ_26 /* JIRAGlobals.swift */,
				OBJ_27 /* Models */,
				OBJ_42 /* Routers */,
			);
			path = Sources;
			sourceTree = SOURCE_ROOT;
		};
		OBJ_74 /* Products */ = {
			isa = PBXGroup;
			children = (
				"SwiftyJIRA::SwiftyJIRATests::Product" /* SwiftyJIRATests.xctest */,
				"SwiftyJIRA::SwiftyJIRA::Product" /* SwiftyJIRA.framework */,
				"Alamofire::Alamofire::Product" /* Alamofire.framework */,
			);
			name = Products;
			sourceTree = BUILT_PRODUCTS_DIR;
		};
		OBJ_8 /* Controllers */ = {
			isa = PBXGroup;
			children = (
				C6940EC91FCFA70D00943C42 /* Search */,
				OBJ_9 /* Issues */,
				OBJ_14 /* Projects */,
				OBJ_16 /* Statuses */,
				OBJ_19 /* Workflows */,
			);
			path = Controllers;
			sourceTree = "<group>";
		};
		OBJ_9 /* Issues */ = {
			isa = PBXGroup;
			children = (
				OBJ_10 /* JIRAIssuesController+Comments.swift */,
				OBJ_11 /* JIRAIssuesController+IssueLinks.swift */,
				OBJ_12 /* JIRAIssuesController+IssueType.swift */,
				OBJ_13 /* JIRAIssuesController.swift */,
			);
			path = Issues;
			sourceTree = "<group>";
		};
/* End PBXGroup section */

/* Begin PBXNativeTarget section */
		"Alamofire::Alamofire" /* Alamofire */ = {
			isa = PBXNativeTarget;
			buildConfigurationList = OBJ_144 /* Build configuration list for PBXNativeTarget "Alamofire" */;
			buildPhases = (
				OBJ_147 /* Sources */,
				OBJ_165 /* Frameworks */,
			);
			buildRules = (
			);
			dependencies = (
			);
			name = Alamofire;
			productName = Alamofire;
			productReference = "Alamofire::Alamofire::Product" /* Alamofire.framework */;
			productType = "com.apple.product-type.framework";
		};
		"Alamofire::SwiftPMPackageDescription" /* AlamofirePackageDescription */ = {
			isa = PBXNativeTarget;
			buildConfigurationList = OBJ_85 /* Build configuration list for PBXNativeTarget "AlamofirePackageDescription" */;
			buildPhases = (
				OBJ_88 /* Sources */,
			);
			buildRules = (
			);
			dependencies = (
			);
			name = AlamofirePackageDescription;
			productName = AlamofirePackageDescription;
			productType = "com.apple.product-type.framework";
		};
		"SwiftyJIRA::SwiftPMPackageDescription" /* SwiftyJIRAPackageDescription */ = {
			isa = PBXNativeTarget;
			buildConfigurationList = OBJ_79 /* Build configuration list for PBXNativeTarget "SwiftyJIRAPackageDescription" */;
			buildPhases = (
				OBJ_82 /* Sources */,
			);
			buildRules = (
			);
			dependencies = (
			);
			name = SwiftyJIRAPackageDescription;
			productName = SwiftyJIRAPackageDescription;
			productType = "com.apple.product-type.framework";
		};
		"SwiftyJIRA::SwiftyJIRA" /* SwiftyJIRA */ = {
			isa = PBXNativeTarget;
			buildConfigurationList = OBJ_103 /* Build configuration list for PBXNativeTarget "SwiftyJIRA" */;
			buildPhases = (
				OBJ_106 /* Sources */,
				OBJ_141 /* Frameworks */,
			);
			buildRules = (
			);
			dependencies = (
				OBJ_143 /* PBXTargetDependency */,
			);
			name = SwiftyJIRA;
			productName = SwiftyJIRA;
			productReference = "SwiftyJIRA::SwiftyJIRA::Product" /* SwiftyJIRA.framework */;
			productType = "com.apple.product-type.framework";
		};
		"SwiftyJIRA::SwiftyJIRATests" /* SwiftyJIRATests */ = {
			isa = PBXNativeTarget;
			buildConfigurationList = OBJ_91 /* Build configuration list for PBXNativeTarget "SwiftyJIRATests" */;
			buildPhases = (
				OBJ_94 /* Sources */,
				OBJ_96 /* Frameworks */,
			);
			buildRules = (
			);
			dependencies = (
				OBJ_99 /* PBXTargetDependency */,
				OBJ_101 /* PBXTargetDependency */,
			);
			name = SwiftyJIRATests;
			productName = SwiftyJIRATests;
			productReference = "SwiftyJIRA::SwiftyJIRATests::Product" /* SwiftyJIRATests.xctest */;
			productType = "com.apple.product-type.bundle.unit-test";
		};
/* End PBXNativeTarget section */

/* Begin PBXProject section */
		OBJ_1 /* Project object */ = {
			isa = PBXProject;
			attributes = {
				LastUpgradeCheck = 9999;
			};
			buildConfigurationList = OBJ_2 /* Build configuration list for PBXProject "SwiftyJIRA" */;
			compatibilityVersion = "Xcode 3.2";
			developmentRegion = English;
			hasScannedForEncodings = 0;
			knownRegions = (
				en,
			);
			mainGroup = OBJ_5;
			productRefGroup = OBJ_74 /* Products */;
			projectDirPath = "";
			projectRoot = "";
			targets = (
				"SwiftyJIRA::SwiftPMPackageDescription" /* SwiftyJIRAPackageDescription */,
				"Alamofire::SwiftPMPackageDescription" /* AlamofirePackageDescription */,
				"SwiftyJIRA::SwiftyJIRATests" /* SwiftyJIRATests */,
				"SwiftyJIRA::SwiftyJIRA" /* SwiftyJIRA */,
				"Alamofire::Alamofire" /* Alamofire */,
				"SwiftyJIRA::SwiftyJIRAPackageTests::ProductTarget" /* SwiftyJIRAPackageTests */,
			);
		};
/* End PBXProject section */

/* Begin PBXSourcesBuildPhase section */
		OBJ_106 /* Sources */ = {
			isa = PBXSourcesBuildPhase;
			buildActionMask = 0;
			files = (
				OBJ_107 /* JIRAIssuesController+Comments.swift in Sources */,
				OBJ_108 /* JIRAIssuesController+IssueLinks.swift in Sources */,
				OBJ_109 /* JIRAIssuesController+IssueType.swift in Sources */,
				OBJ_110 /* JIRAIssuesController.swift in Sources */,
				OBJ_111 /* JIRAProjectsController.swift in Sources */,
				OBJ_112 /* JIRAStatusesController+StatusCategory.swift in Sources */,
				OBJ_113 /* JIRAStatusesController.swift in Sources */,
				OBJ_114 /* JIRAWorkflowsController+WorkflowScheme.swift in Sources */,
				OBJ_115 /* JIRAWorkflowsController.swift in Sources */,
				OBJ_116 /* Array+ParameterEncoding.swift in Sources */,
				OBJ_117 /* Date+IS08601.swift in Sources */,
				OBJ_118 /* HexColor.swift in Sources */,
				OBJ_119 /* JIRAGlobals.swift in Sources */,
				OBJ_120 /* JIRAAttachmentWebhookEvent.swift in Sources */,
				OBJ_121 /* JIRACommentJSONBean.swift in Sources */,
				OBJ_122 /* JIRACommentWebhookEvent.swift in Sources */,
				OBJ_123 /* JIRAEnums.swift in Sources */,
				OBJ_124 /* JIRAEvents.swift in Sources */,
				OBJ_125 /* JIRAIssue.swift in Sources */,
				OBJ_126 /* JIRAIssueWebhookEvent.swift in Sources */,
				OBJ_127 /* JIRAIssuelinkWebhookEvent.swift in Sources */,
				C6940ECF1FCFA92900943C42 /* JIRASearch.swift in Sources */,
				C6940ECB1FCFA72200943C42 /* JIRASearchController.swift in Sources */,
				OBJ_128 /* JIRAProject.swift in Sources */,
				OBJ_129 /* JIRARemoteLink.swift in Sources */,
				OBJ_130 /* JIRASprintWebhookEvent.swift in Sources */,
				OBJ_131 /* JIRAUserJSONBean.swift in Sources */,
				OBJ_132 /* JIRAWorkflowScheme.swift in Sources */,
				OBJ_133 /* JIRAWorklogWebhookEvent.swift in Sources */,
				OBJ_134 /* JIRAIssueTypeRouter.swift in Sources */,
				OBJ_135 /* JIRAIssuesRouter.swift in Sources */,
				C6940ECD1FCFA73600943C42 /* JIRASearchRouter.swift in Sources */,
				OBJ_136 /* JIRAProjectsRouter.swift in Sources */,
				OBJ_137 /* JIRAStatusCategoriesRouter.swift in Sources */,
				OBJ_138 /* JIRAStatusesRouter.swift in Sources */,
				OBJ_139 /* JIRAWorkflowSchemesRouter.swift in Sources */,
				OBJ_140 /* JIRAWorkflowsRouter.swift in Sources */,
			);
			runOnlyForDeploymentPostprocessing = 0;
		};
		OBJ_147 /* Sources */ = {
			isa = PBXSourcesBuildPhase;
			buildActionMask = 0;
			files = (
				OBJ_148 /* AFError.swift in Sources */,
				OBJ_149 /* Alamofire.swift in Sources */,
				OBJ_150 /* DispatchQueue+Alamofire.swift in Sources */,
				OBJ_151 /* MultipartFormData.swift in Sources */,
				OBJ_152 /* NetworkReachabilityManager.swift in Sources */,
				OBJ_153 /* Notifications.swift in Sources */,
				OBJ_154 /* ParameterEncoding.swift in Sources */,
				OBJ_155 /* Request.swift in Sources */,
				OBJ_156 /* Response.swift in Sources */,
				OBJ_157 /* ResponseSerialization.swift in Sources */,
				OBJ_158 /* Result.swift in Sources */,
				OBJ_159 /* ServerTrustPolicy.swift in Sources */,
				OBJ_160 /* SessionDelegate.swift in Sources */,
				OBJ_161 /* SessionManager.swift in Sources */,
				OBJ_162 /* TaskDelegate.swift in Sources */,
				OBJ_163 /* Timeline.swift in Sources */,
				OBJ_164 /* Validation.swift in Sources */,
			);
			runOnlyForDeploymentPostprocessing = 0;
		};
		OBJ_82 /* Sources */ = {
			isa = PBXSourcesBuildPhase;
			buildActionMask = 0;
			files = (
				OBJ_83 /* Package.swift in Sources */,
			);
			runOnlyForDeploymentPostprocessing = 0;
		};
		OBJ_88 /* Sources */ = {
			isa = PBXSourcesBuildPhase;
			buildActionMask = 0;
			files = (
				OBJ_89 /* Package.swift in Sources */,
			);
			runOnlyForDeploymentPostprocessing = 0;
		};
		OBJ_94 /* Sources */ = {
			isa = PBXSourcesBuildPhase;
			buildActionMask = 0;
			files = (
				OBJ_95 /* IssuesTests.swift in Sources */,
			);
			runOnlyForDeploymentPostprocessing = 0;
		};
/* End PBXSourcesBuildPhase section */

/* Begin PBXTargetDependency section */
		OBJ_101 /* PBXTargetDependency */ = {
			isa = PBXTargetDependency;
			target = "Alamofire::Alamofire" /* Alamofire */;
			targetProxy = C634074B1FCE2E1E00A9CDD0 /* PBXContainerItemProxy */;
		};
		OBJ_143 /* PBXTargetDependency */ = {
			isa = PBXTargetDependency;
			target = "Alamofire::Alamofire" /* Alamofire */;
			targetProxy = C63407491FCE2E1E00A9CDD0 /* PBXContainerItemProxy */;
		};
		OBJ_170 /* PBXTargetDependency */ = {
			isa = PBXTargetDependency;
			target = "SwiftyJIRA::SwiftyJIRATests" /* SwiftyJIRATests */;
			targetProxy = C634074C1FCE2E1E00A9CDD0 /* PBXContainerItemProxy */;
		};
		OBJ_99 /* PBXTargetDependency */ = {
			isa = PBXTargetDependency;
			target = "SwiftyJIRA::SwiftyJIRA" /* SwiftyJIRA */;
			targetProxy = C634074A1FCE2E1E00A9CDD0 /* PBXContainerItemProxy */;
		};
/* End PBXTargetDependency section */

/* Begin XCBuildConfiguration section */
		OBJ_104 /* Debug */ = {
			isa = XCBuildConfiguration;
			buildSettings = {
				ENABLE_TESTABILITY = YES;
				FRAMEWORK_SEARCH_PATHS = (
					"$(inherited)",
					"$(PLATFORM_DIR)/Developer/Library/Frameworks",
				);
				HEADER_SEARCH_PATHS = "$(inherited)";
				INFOPLIST_FILE = SwiftyJIRA.xcodeproj/SwiftyJIRA_Info.plist;
				LD_RUNPATH_SEARCH_PATHS = "$(TOOLCHAIN_DIR)/usr/lib/swift/macosx";
				OTHER_LDFLAGS = "$(inherited)";
				OTHER_SWIFT_FLAGS = "$(inherited)";
				PRODUCT_BUNDLE_IDENTIFIER = SwiftyJIRA;
				PRODUCT_MODULE_NAME = "$(TARGET_NAME:c99extidentifier)";
				PRODUCT_NAME = "$(TARGET_NAME:c99extidentifier)";
				SKIP_INSTALL = YES;
				SWIFT_VERSION = 4.0;
				TARGET_NAME = SwiftyJIRA;
			};
			name = Debug;
		};
		OBJ_105 /* Release */ = {
			isa = XCBuildConfiguration;
			buildSettings = {
				ENABLE_TESTABILITY = YES;
				FRAMEWORK_SEARCH_PATHS = (
					"$(inherited)",
					"$(PLATFORM_DIR)/Developer/Library/Frameworks",
				);
				HEADER_SEARCH_PATHS = "$(inherited)";
				INFOPLIST_FILE = SwiftyJIRA.xcodeproj/SwiftyJIRA_Info.plist;
				LD_RUNPATH_SEARCH_PATHS = "$(TOOLCHAIN_DIR)/usr/lib/swift/macosx";
				OTHER_LDFLAGS = "$(inherited)";
				OTHER_SWIFT_FLAGS = "$(inherited)";
				PRODUCT_BUNDLE_IDENTIFIER = SwiftyJIRA;
				PRODUCT_MODULE_NAME = "$(TARGET_NAME:c99extidentifier)";
				PRODUCT_NAME = "$(TARGET_NAME:c99extidentifier)";
				SKIP_INSTALL = YES;
				SWIFT_VERSION = 4.0;
				TARGET_NAME = SwiftyJIRA;
			};
			name = Release;
		};
		OBJ_145 /* Debug */ = {
			isa = XCBuildConfiguration;
			buildSettings = {
				ENABLE_TESTABILITY = YES;
				FRAMEWORK_SEARCH_PATHS = (
					"$(inherited)",
					"$(PLATFORM_DIR)/Developer/Library/Frameworks",
				);
				HEADER_SEARCH_PATHS = "$(inherited)";
				INFOPLIST_FILE = SwiftyJIRA.xcodeproj/Alamofire_Info.plist;
				LD_RUNPATH_SEARCH_PATHS = "$(TOOLCHAIN_DIR)/usr/lib/swift/macosx";
				OTHER_LDFLAGS = "$(inherited)";
				OTHER_SWIFT_FLAGS = "$(inherited)";
				PRODUCT_BUNDLE_IDENTIFIER = Alamofire;
				PRODUCT_MODULE_NAME = "$(TARGET_NAME:c99extidentifier)";
				PRODUCT_NAME = "$(TARGET_NAME:c99extidentifier)";
				SKIP_INSTALL = YES;
				SWIFT_VERSION = 3.0;
				TARGET_NAME = Alamofire;
			};
			name = Debug;
		};
		OBJ_146 /* Release */ = {
			isa = XCBuildConfiguration;
			buildSettings = {
				ENABLE_TESTABILITY = YES;
				FRAMEWORK_SEARCH_PATHS = (
					"$(inherited)",
					"$(PLATFORM_DIR)/Developer/Library/Frameworks",
				);
				HEADER_SEARCH_PATHS = "$(inherited)";
				INFOPLIST_FILE = SwiftyJIRA.xcodeproj/Alamofire_Info.plist;
				LD_RUNPATH_SEARCH_PATHS = "$(TOOLCHAIN_DIR)/usr/lib/swift/macosx";
				OTHER_LDFLAGS = "$(inherited)";
				OTHER_SWIFT_FLAGS = "$(inherited)";
				PRODUCT_BUNDLE_IDENTIFIER = Alamofire;
				PRODUCT_MODULE_NAME = "$(TARGET_NAME:c99extidentifier)";
				PRODUCT_NAME = "$(TARGET_NAME:c99extidentifier)";
				SKIP_INSTALL = YES;
				SWIFT_VERSION = 3.0;
				TARGET_NAME = Alamofire;
			};
			name = Release;
		};
		OBJ_168 /* Debug */ = {
			isa = XCBuildConfiguration;
			buildSettings = {
			};
			name = Debug;
		};
		OBJ_169 /* Release */ = {
			isa = XCBuildConfiguration;
			buildSettings = {
			};
			name = Release;
		};
		OBJ_3 /* Debug */ = {
			isa = XCBuildConfiguration;
			buildSettings = {
				CLANG_ENABLE_OBJC_ARC = YES;
				COMBINE_HIDPI_IMAGES = YES;
				COPY_PHASE_STRIP = NO;
				DEBUG_INFORMATION_FORMAT = dwarf;
				DYLIB_INSTALL_NAME_BASE = "@rpath";
				ENABLE_NS_ASSERTIONS = YES;
				GCC_OPTIMIZATION_LEVEL = 0;
				MACOSX_DEPLOYMENT_TARGET = 10.10;
				ONLY_ACTIVE_ARCH = YES;
				OTHER_SWIFT_FLAGS = "-DXcode";
				PRODUCT_NAME = "$(TARGET_NAME)";
				SDKROOT = macosx;
				SUPPORTED_PLATFORMS = "macosx iphoneos iphonesimulator appletvos appletvsimulator watchos watchsimulator";
				SWIFT_ACTIVE_COMPILATION_CONDITIONS = SWIFT_PACKAGE;
				SWIFT_OPTIMIZATION_LEVEL = "-Onone";
				USE_HEADERMAP = NO;
			};
			name = Debug;
		};
		OBJ_4 /* Release */ = {
			isa = XCBuildConfiguration;
			buildSettings = {
				CLANG_ENABLE_OBJC_ARC = YES;
				COMBINE_HIDPI_IMAGES = YES;
				COPY_PHASE_STRIP = YES;
				DEBUG_INFORMATION_FORMAT = "dwarf-with-dsym";
				DYLIB_INSTALL_NAME_BASE = "@rpath";
				GCC_OPTIMIZATION_LEVEL = s;
				MACOSX_DEPLOYMENT_TARGET = 10.10;
				OTHER_SWIFT_FLAGS = "-DXcode";
				PRODUCT_NAME = "$(TARGET_NAME)";
				SDKROOT = macosx;
				SUPPORTED_PLATFORMS = "macosx iphoneos iphonesimulator appletvos appletvsimulator watchos watchsimulator";
				SWIFT_ACTIVE_COMPILATION_CONDITIONS = SWIFT_PACKAGE;
				SWIFT_OPTIMIZATION_LEVEL = "-Owholemodule";
				USE_HEADERMAP = NO;
			};
			name = Release;
		};
		OBJ_80 /* Debug */ = {
			isa = XCBuildConfiguration;
			buildSettings = {
				LD = /usr/bin/true;
				OTHER_SWIFT_FLAGS = "-swift-version 4 -I /Applications/Xcode.app/Contents/Developer/Toolchains/XcodeDefault.xctoolchain/usr/lib/swift/pm/4 -target x86_64-apple-macosx10.10 -sdk /Applications/Xcode.app/Contents/Developer/Platforms/MacOSX.platform/Developer/SDKs/MacOSX10.13.sdk";
				SWIFT_VERSION = 4.0;
			};
			name = Debug;
		};
		OBJ_81 /* Release */ = {
			isa = XCBuildConfiguration;
			buildSettings = {
				LD = /usr/bin/true;
				OTHER_SWIFT_FLAGS = "-swift-version 4 -I /Applications/Xcode.app/Contents/Developer/Toolchains/XcodeDefault.xctoolchain/usr/lib/swift/pm/4 -target x86_64-apple-macosx10.10 -sdk /Applications/Xcode.app/Contents/Developer/Platforms/MacOSX.platform/Developer/SDKs/MacOSX10.13.sdk";
				SWIFT_VERSION = 4.0;
			};
			name = Release;
		};
		OBJ_86 /* Debug */ = {
			isa = XCBuildConfiguration;
			buildSettings = {
				LD = /usr/bin/true;
				OTHER_SWIFT_FLAGS = "-swift-version 3 -I /Applications/Xcode.app/Contents/Developer/Toolchains/XcodeDefault.xctoolchain/usr/lib/swift/pm/3 -target x86_64-apple-macosx10.10 -sdk /Applications/Xcode.app/Contents/Developer/Platforms/MacOSX.platform/Developer/SDKs/MacOSX10.13.sdk";
				SWIFT_VERSION = 3.0;
			};
			name = Debug;
		};
		OBJ_87 /* Release */ = {
			isa = XCBuildConfiguration;
			buildSettings = {
				LD = /usr/bin/true;
				OTHER_SWIFT_FLAGS = "-swift-version 3 -I /Applications/Xcode.app/Contents/Developer/Toolchains/XcodeDefault.xctoolchain/usr/lib/swift/pm/3 -target x86_64-apple-macosx10.10 -sdk /Applications/Xcode.app/Contents/Developer/Platforms/MacOSX.platform/Developer/SDKs/MacOSX10.13.sdk";
				SWIFT_VERSION = 3.0;
			};
			name = Release;
		};
		OBJ_92 /* Debug */ = {
			isa = XCBuildConfiguration;
			buildSettings = {
				EMBEDDED_CONTENT_CONTAINS_SWIFT = YES;
				FRAMEWORK_SEARCH_PATHS = (
					"$(inherited)",
					"$(PLATFORM_DIR)/Developer/Library/Frameworks",
				);
				HEADER_SEARCH_PATHS = "$(inherited)";
				INFOPLIST_FILE = SwiftyJIRA.xcodeproj/SwiftyJIRATests_Info.plist;
				LD_RUNPATH_SEARCH_PATHS = "@loader_path/../Frameworks @loader_path/Frameworks";
				OTHER_LDFLAGS = "$(inherited)";
				OTHER_SWIFT_FLAGS = "$(inherited)";
				SWIFT_VERSION = 4.0;
				TARGET_NAME = SwiftyJIRATests;
			};
			name = Debug;
		};
		OBJ_93 /* Release */ = {
			isa = XCBuildConfiguration;
			buildSettings = {
				EMBEDDED_CONTENT_CONTAINS_SWIFT = YES;
				FRAMEWORK_SEARCH_PATHS = (
					"$(inherited)",
					"$(PLATFORM_DIR)/Developer/Library/Frameworks",
				);
				HEADER_SEARCH_PATHS = "$(inherited)";
				INFOPLIST_FILE = SwiftyJIRA.xcodeproj/SwiftyJIRATests_Info.plist;
				LD_RUNPATH_SEARCH_PATHS = "@loader_path/../Frameworks @loader_path/Frameworks";
				OTHER_LDFLAGS = "$(inherited)";
				OTHER_SWIFT_FLAGS = "$(inherited)";
				SWIFT_VERSION = 4.0;
				TARGET_NAME = SwiftyJIRATests;
			};
			name = Release;
		};
/* End XCBuildConfiguration section */

/* Begin XCConfigurationList section */
		OBJ_103 /* Build configuration list for PBXNativeTarget "SwiftyJIRA" */ = {
			isa = XCConfigurationList;
			buildConfigurations = (
				OBJ_104 /* Debug */,
				OBJ_105 /* Release */,
			);
			defaultConfigurationIsVisible = 0;
			defaultConfigurationName = Debug;
		};
		OBJ_144 /* Build configuration list for PBXNativeTarget "Alamofire" */ = {
			isa = XCConfigurationList;
			buildConfigurations = (
				OBJ_145 /* Debug */,
				OBJ_146 /* Release */,
			);
			defaultConfigurationIsVisible = 0;
			defaultConfigurationName = Debug;
		};
		OBJ_167 /* Build configuration list for PBXAggregateTarget "SwiftyJIRAPackageTests" */ = {
			isa = XCConfigurationList;
			buildConfigurations = (
				OBJ_168 /* Debug */,
				OBJ_169 /* Release */,
			);
			defaultConfigurationIsVisible = 0;
			defaultConfigurationName = Debug;
		};
		OBJ_2 /* Build configuration list for PBXProject "SwiftyJIRA" */ = {
			isa = XCConfigurationList;
			buildConfigurations = (
				OBJ_3 /* Debug */,
				OBJ_4 /* Release */,
			);
			defaultConfigurationIsVisible = 0;
			defaultConfigurationName = Debug;
		};
		OBJ_79 /* Build configuration list for PBXNativeTarget "SwiftyJIRAPackageDescription" */ = {
			isa = XCConfigurationList;
			buildConfigurations = (
				OBJ_80 /* Debug */,
				OBJ_81 /* Release */,
			);
			defaultConfigurationIsVisible = 0;
			defaultConfigurationName = Debug;
		};
		OBJ_85 /* Build configuration list for PBXNativeTarget "AlamofirePackageDescription" */ = {
			isa = XCConfigurationList;
			buildConfigurations = (
				OBJ_86 /* Debug */,
				OBJ_87 /* Release */,
			);
			defaultConfigurationIsVisible = 0;
			defaultConfigurationName = Debug;
		};
		OBJ_91 /* Build configuration list for PBXNativeTarget "SwiftyJIRATests" */ = {
			isa = XCConfigurationList;
			buildConfigurations = (
				OBJ_92 /* Debug */,
				OBJ_93 /* Release */,
			);
			defaultConfigurationIsVisible = 0;
			defaultConfigurationName = Debug;
		};
/* End XCConfigurationList section */
	};
	rootObject = OBJ_1 /* Project object */;
}
