// !$*UTF8*$!
{
	archiveVersion = 1;
	classes = {
	};
	objectVersion = 46;
	objects = {

/* Begin PBXBuildFile section */
		OBJ_106 /* IssuesController.swift in Sources */ = {isa = PBXBuildFile; fileRef = OBJ_16 /* IssuesController.swift */; };
		OBJ_110 /* Array+ParameterEncoding.swift in Sources */ = {isa = PBXBuildFile; fileRef = OBJ_22 /* Array+ParameterEncoding.swift */; };
		OBJ_111 /* Date+IS08601.swift in Sources */ = {isa = PBXBuildFile; fileRef = OBJ_23 /* Date+IS08601.swift */; };
		OBJ_112 /* Globals.swift in Sources */ = {isa = PBXBuildFile; fileRef = OBJ_24 /* Globals.swift */; };
		OBJ_113 /* HexColor.swift in Sources */ = {isa = PBXBuildFile; fileRef = OBJ_25 /* HexColor.swift */; };
		OBJ_115 /* Issue.swift in Sources */ = {isa = PBXBuildFile; fileRef = OBJ_28 /* Issue.swift */; };
		OBJ_135 /* IssuesRouter.swift in Sources */ = {isa = PBXBuildFile; fileRef = OBJ_50 /* IssuesRouter.swift */; };
		OBJ_143 /* Alamofire.framework in Frameworks */ = {isa = PBXBuildFile; fileRef = "Alamofire::Alamofire::Product" /* Alamofire.framework */; };
		OBJ_150 /* AFError.swift in Sources */ = {isa = PBXBuildFile; fileRef = OBJ_63 /* AFError.swift */; };
		OBJ_151 /* Alamofire.swift in Sources */ = {isa = PBXBuildFile; fileRef = OBJ_64 /* Alamofire.swift */; };
		OBJ_152 /* DispatchQueue+Alamofire.swift in Sources */ = {isa = PBXBuildFile; fileRef = OBJ_65 /* DispatchQueue+Alamofire.swift */; };
		OBJ_153 /* MultipartFormData.swift in Sources */ = {isa = PBXBuildFile; fileRef = OBJ_66 /* MultipartFormData.swift */; };
		OBJ_154 /* NetworkReachabilityManager.swift in Sources */ = {isa = PBXBuildFile; fileRef = OBJ_67 /* NetworkReachabilityManager.swift */; };
		OBJ_155 /* Notifications.swift in Sources */ = {isa = PBXBuildFile; fileRef = OBJ_68 /* Notifications.swift */; };
		OBJ_156 /* ParameterEncoding.swift in Sources */ = {isa = PBXBuildFile; fileRef = OBJ_69 /* ParameterEncoding.swift */; };
		OBJ_157 /* Request.swift in Sources */ = {isa = PBXBuildFile; fileRef = OBJ_70 /* Request.swift */; };
		OBJ_158 /* Response.swift in Sources */ = {isa = PBXBuildFile; fileRef = OBJ_71 /* Response.swift */; };
		OBJ_159 /* ResponseSerialization.swift in Sources */ = {isa = PBXBuildFile; fileRef = OBJ_72 /* ResponseSerialization.swift */; };
		OBJ_160 /* Result.swift in Sources */ = {isa = PBXBuildFile; fileRef = OBJ_73 /* Result.swift */; };
		OBJ_161 /* ServerTrustPolicy.swift in Sources */ = {isa = PBXBuildFile; fileRef = OBJ_74 /* ServerTrustPolicy.swift */; };
		OBJ_162 /* SessionDelegate.swift in Sources */ = {isa = PBXBuildFile; fileRef = OBJ_75 /* SessionDelegate.swift */; };
		OBJ_163 /* SessionManager.swift in Sources */ = {isa = PBXBuildFile; fileRef = OBJ_76 /* SessionManager.swift */; };
		OBJ_164 /* TaskDelegate.swift in Sources */ = {isa = PBXBuildFile; fileRef = OBJ_77 /* TaskDelegate.swift */; };
		OBJ_165 /* Timeline.swift in Sources */ = {isa = PBXBuildFile; fileRef = OBJ_78 /* Timeline.swift */; };
		OBJ_166 /* Validation.swift in Sources */ = {isa = PBXBuildFile; fileRef = OBJ_79 /* Validation.swift */; };
		OBJ_88 /* Package.swift in Sources */ = {isa = PBXBuildFile; fileRef = OBJ_6 /* Package.swift */; };
		OBJ_94 /* Package.swift in Sources */ = {isa = PBXBuildFile; fileRef = OBJ_62 /* Package.swift */; };
/* End PBXBuildFile section */

/* Begin PBXContainerItemProxy section */
		C65D149B1FC285760080B798 /* PBXContainerItemProxy */ = {
			isa = PBXContainerItemProxy;
			containerPortal = OBJ_1 /* Project object */;
			proxyType = 1;
			remoteGlobalIDString = "Alamofire::Alamofire";
			remoteInfo = Alamofire;
		};
/* End PBXContainerItemProxy section */

/* Begin PBXFileReference section */
		"Alamofire::Alamofire::Product" /* Alamofire.framework */ = {isa = PBXFileReference; explicitFileType = wrapper.framework; path = Alamofire.framework; sourceTree = BUILT_PRODUCTS_DIR; };
		OBJ_16 /* IssuesController.swift */ = {isa = PBXFileReference; lastKnownFileType = sourcecode.swift; path = IssuesController.swift; sourceTree = "<group>"; };
		OBJ_22 /* Array+ParameterEncoding.swift */ = {isa = PBXFileReference; lastKnownFileType = sourcecode.swift; path = "Array+ParameterEncoding.swift"; sourceTree = "<group>"; };
		OBJ_23 /* Date+IS08601.swift */ = {isa = PBXFileReference; lastKnownFileType = sourcecode.swift; path = "Date+IS08601.swift"; sourceTree = "<group>"; };
		OBJ_24 /* Globals.swift */ = {isa = PBXFileReference; lastKnownFileType = sourcecode.swift; path = Globals.swift; sourceTree = "<group>"; };
		OBJ_25 /* HexColor.swift */ = {isa = PBXFileReference; lastKnownFileType = sourcecode.swift; path = HexColor.swift; sourceTree = "<group>"; };
		OBJ_28 /* Issue.swift */ = {isa = PBXFileReference; lastKnownFileType = sourcecode.swift; path = Issue.swift; sourceTree = "<group>"; };
		OBJ_50 /* IssuesRouter.swift */ = {isa = PBXFileReference; lastKnownFileType = sourcecode.swift; path = IssuesRouter.swift; sourceTree = "<group>"; };
		OBJ_59 /* script */ = {isa = PBXFileReference; lastKnownFileType = folder; path = script; sourceTree = SOURCE_ROOT; };
		OBJ_6 /* Package.swift */ = {isa = PBXFileReference; explicitFileType = sourcecode.swift; path = Package.swift; sourceTree = "<group>"; };
		OBJ_62 /* Package.swift */ = {isa = PBXFileReference; explicitFileType = sourcecode.swift; name = Package.swift; path = "/Users/goodle/github/BugHub/SwiftyJIRA/.build/checkouts/Alamofire.git-6801331143877184500/Package.swift"; sourceTree = "<group>"; };
		OBJ_63 /* AFError.swift */ = {isa = PBXFileReference; lastKnownFileType = sourcecode.swift; path = AFError.swift; sourceTree = "<group>"; };
		OBJ_64 /* Alamofire.swift */ = {isa = PBXFileReference; lastKnownFileType = sourcecode.swift; path = Alamofire.swift; sourceTree = "<group>"; };
		OBJ_65 /* DispatchQueue+Alamofire.swift */ = {isa = PBXFileReference; lastKnownFileType = sourcecode.swift; path = "DispatchQueue+Alamofire.swift"; sourceTree = "<group>"; };
		OBJ_66 /* MultipartFormData.swift */ = {isa = PBXFileReference; lastKnownFileType = sourcecode.swift; path = MultipartFormData.swift; sourceTree = "<group>"; };
		OBJ_67 /* NetworkReachabilityManager.swift */ = {isa = PBXFileReference; lastKnownFileType = sourcecode.swift; path = NetworkReachabilityManager.swift; sourceTree = "<group>"; };
		OBJ_68 /* Notifications.swift */ = {isa = PBXFileReference; lastKnownFileType = sourcecode.swift; path = Notifications.swift; sourceTree = "<group>"; };
		OBJ_69 /* ParameterEncoding.swift */ = {isa = PBXFileReference; lastKnownFileType = sourcecode.swift; path = ParameterEncoding.swift; sourceTree = "<group>"; };
		OBJ_70 /* Request.swift */ = {isa = PBXFileReference; lastKnownFileType = sourcecode.swift; path = Request.swift; sourceTree = "<group>"; };
		OBJ_71 /* Response.swift */ = {isa = PBXFileReference; lastKnownFileType = sourcecode.swift; path = Response.swift; sourceTree = "<group>"; };
		OBJ_72 /* ResponseSerialization.swift */ = {isa = PBXFileReference; lastKnownFileType = sourcecode.swift; path = ResponseSerialization.swift; sourceTree = "<group>"; };
		OBJ_73 /* Result.swift */ = {isa = PBXFileReference; lastKnownFileType = sourcecode.swift; path = Result.swift; sourceTree = "<group>"; };
		OBJ_74 /* ServerTrustPolicy.swift */ = {isa = PBXFileReference; lastKnownFileType = sourcecode.swift; path = ServerTrustPolicy.swift; sourceTree = "<group>"; };
		OBJ_75 /* SessionDelegate.swift */ = {isa = PBXFileReference; lastKnownFileType = sourcecode.swift; path = SessionDelegate.swift; sourceTree = "<group>"; };
		OBJ_76 /* SessionManager.swift */ = {isa = PBXFileReference; lastKnownFileType = sourcecode.swift; path = SessionManager.swift; sourceTree = "<group>"; };
		OBJ_77 /* TaskDelegate.swift */ = {isa = PBXFileReference; lastKnownFileType = sourcecode.swift; path = TaskDelegate.swift; sourceTree = "<group>"; };
		OBJ_78 /* Timeline.swift */ = {isa = PBXFileReference; lastKnownFileType = sourcecode.swift; path = Timeline.swift; sourceTree = "<group>"; };
		OBJ_79 /* Validation.swift */ = {isa = PBXFileReference; lastKnownFileType = sourcecode.swift; path = Validation.swift; sourceTree = "<group>"; };
		"SwiftyJIRA::SwiftyJIRA::Product" /* SwiftyJIRA.framework */ = {isa = PBXFileReference; lastKnownFileType = wrapper.framework; path = SwiftyJIRA.framework; sourceTree = BUILT_PRODUCTS_DIR; };
/* End PBXFileReference section */

/* Begin PBXFrameworksBuildPhase section */
		OBJ_142 /* Frameworks */ = {
			isa = PBXFrameworksBuildPhase;
			buildActionMask = 0;
			files = (
				OBJ_143 /* Alamofire.framework in Frameworks */,
			);
			runOnlyForDeploymentPostprocessing = 0;
		};
		OBJ_167 /* Frameworks */ = {
			isa = PBXFrameworksBuildPhase;
			buildActionMask = 0;
			files = (
			);
			runOnlyForDeploymentPostprocessing = 0;
		};
/* End PBXFrameworksBuildPhase section */

/* Begin PBXGroup section */
		OBJ_21 /* Extensions */ = {
			isa = PBXGroup;
			children = (
				OBJ_22 /* Array+ParameterEncoding.swift */,
				OBJ_23 /* Date+IS08601.swift */,
			);
			path = Extensions;
			sourceTree = "<group>";
		};
		OBJ_26 /* Models */ = {
			isa = PBXGroup;
			children = (
				OBJ_28 /* Issue.swift */,
			);
			path = Models;
			sourceTree = "<group>";
		};
		OBJ_42 /* Routers */ = {
			isa = PBXGroup;
			children = (
				OBJ_50 /* IssuesRouter.swift */,
			);
			path = Routers;
			sourceTree = "<group>";
		};
		OBJ_5 /*  */ = {
			isa = PBXGroup;
			children = (
				OBJ_6 /* Package.swift */,
				OBJ_7 /* Sources */,
				OBJ_58 /* Tests */,
				OBJ_59 /* script */,
				OBJ_60 /* Dependencies */,
				OBJ_80 /* Products */,
			);
			name = "";
			sourceTree = "<group>";
		};
		OBJ_58 /* Tests */ = {
			isa = PBXGroup;
			children = (
			);
			name = Tests;
			sourceTree = SOURCE_ROOT;
		};
		OBJ_60 /* Dependencies */ = {
			isa = PBXGroup;
			children = (
				OBJ_61 /* Alamofire 4.5.1 */,
			);
			name = Dependencies;
			sourceTree = "<group>";
		};
		OBJ_61 /* Alamofire 4.5.1 */ = {
			isa = PBXGroup;
			children = (
				OBJ_62 /* Package.swift */,
				OBJ_63 /* AFError.swift */,
				OBJ_64 /* Alamofire.swift */,
				OBJ_65 /* DispatchQueue+Alamofire.swift */,
				OBJ_66 /* MultipartFormData.swift */,
				OBJ_67 /* NetworkReachabilityManager.swift */,
				OBJ_68 /* Notifications.swift */,
				OBJ_69 /* ParameterEncoding.swift */,
				OBJ_70 /* Request.swift */,
				OBJ_71 /* Response.swift */,
				OBJ_72 /* ResponseSerialization.swift */,
				OBJ_73 /* Result.swift */,
				OBJ_74 /* ServerTrustPolicy.swift */,
				OBJ_75 /* SessionDelegate.swift */,
				OBJ_76 /* SessionManager.swift */,
				OBJ_77 /* TaskDelegate.swift */,
				OBJ_78 /* Timeline.swift */,
				OBJ_79 /* Validation.swift */,
			);
			name = "Alamofire 4.5.1";
			path = ".build/checkouts/Alamofire.git-6801331143877184500/Source";
			sourceTree = SOURCE_ROOT;
		};
		OBJ_7 /* Sources */ = {
			isa = PBXGroup;
			children = (
				OBJ_8 /* Controllers */,
				OBJ_21 /* Extensions */,
				OBJ_24 /* Globals.swift */,
				OBJ_25 /* HexColor.swift */,
				OBJ_26 /* Models */,
				OBJ_42 /* Routers */,
			);
			path = Sources;
			sourceTree = SOURCE_ROOT;
		};
		OBJ_8 /* Controllers */ = {
			isa = PBXGroup;
			children = (
				OBJ_9 /* Issues */,
			);
			path = Controllers;
			sourceTree = "<group>";
		};
		OBJ_80 /* Products */ = {
			isa = PBXGroup;
			children = (
				"SwiftyJIRA::SwiftyJIRA::Product" /* SwiftyJIRA.framework */,
				"Alamofire::Alamofire::Product" /* Alamofire.framework */,
			);
			name = Products;
			sourceTree = BUILT_PRODUCTS_DIR;
		};
		OBJ_9 /* Issues */ = {
			isa = PBXGroup;
			children = (
				OBJ_16 /* IssuesController.swift */,
			);
			path = Issues;
			sourceTree = "<group>";
		};
/* End PBXGroup section */

/* Begin PBXNativeTarget section */
		"Alamofire::Alamofire" /* Alamofire */ = {
			isa = PBXNativeTarget;
			buildConfigurationList = OBJ_146 /* Build configuration list for PBXNativeTarget "Alamofire" */;
			buildPhases = (
				OBJ_149 /* Sources */,
				OBJ_167 /* Frameworks */,
			);
			buildRules = (
			);
			dependencies = (
			);
			name = Alamofire;
			productName = Alamofire;
			productReference = "Alamofire::Alamofire::Product" /* Alamofire.framework */;
			productType = "com.apple.product-type.framework";
		};
		"Alamofire::SwiftPMPackageDescription" /* AlamofirePackageDescription */ = {
			isa = PBXNativeTarget;
			buildConfigurationList = OBJ_90 /* Build configuration list for PBXNativeTarget "AlamofirePackageDescription" */;
			buildPhases = (
				OBJ_93 /* Sources */,
			);
			buildRules = (
			);
			dependencies = (
			);
			name = AlamofirePackageDescription;
			productName = AlamofirePackageDescription;
			productType = "com.apple.product-type.framework";
		};
		"SwiftyJIRA::SwiftPMPackageDescription" /* SwiftyJIRAPackageDescription */ = {
			isa = PBXNativeTarget;
			buildConfigurationList = OBJ_84 /* Build configuration list for PBXNativeTarget "SwiftyJIRAPackageDescription" */;
			buildPhases = (
				OBJ_87 /* Sources */,
			);
			buildRules = (
			);
			dependencies = (
			);
			name = SwiftyJIRAPackageDescription;
			productName = SwiftyJIRAPackageDescription;
			productType = "com.apple.product-type.framework";
		};
		"SwiftyJIRA::SwiftyJIRA" /* SwiftyJIRA */ = {
			isa = PBXNativeTarget;
			buildConfigurationList = OBJ_96 /* Build configuration list for PBXNativeTarget "SwiftyJIRA" */;
			buildPhases = (
				OBJ_99 /* Sources */,
				OBJ_142 /* Frameworks */,
			);
			buildRules = (
			);
			dependencies = (
				OBJ_144 /* PBXTargetDependency */,
			);
			name = SwiftyJIRA;
			productName = SwiftyJIRA;
			productReference = "SwiftyJIRA::SwiftyJIRA::Product" /* SwiftyJIRA.framework */;
			productType = "com.apple.product-type.framework";
		};
/* End PBXNativeTarget section */

/* Begin PBXProject section */
		OBJ_1 /* Project object */ = {
			isa = PBXProject;
			attributes = {
				LastUpgradeCheck = 9999;
			};
			buildConfigurationList = OBJ_2 /* Build configuration list for PBXProject "SwiftyJIRA" */;
			compatibilityVersion = "Xcode 3.2";
			developmentRegion = English;
			hasScannedForEncodings = 0;
			knownRegions = (
				en,
			);
			mainGroup = OBJ_5 /*  */;
			productRefGroup = OBJ_80 /* Products */;
			projectDirPath = "";
			projectRoot = "";
			targets = (
				"SwiftyJIRA::SwiftPMPackageDescription" /* SwiftyJIRAPackageDescription */,
				"Alamofire::SwiftPMPackageDescription" /* AlamofirePackageDescription */,
				"SwiftyJIRA::SwiftyJIRA" /* SwiftyJIRA */,
				"Alamofire::Alamofire" /* Alamofire */,
			);
		};
/* End PBXProject section */

/* Begin PBXSourcesBuildPhase section */
		OBJ_149 /* Sources */ = {
			isa = PBXSourcesBuildPhase;
			buildActionMask = 0;
			files = (
				OBJ_150 /* AFError.swift in Sources */,
				OBJ_151 /* Alamofire.swift in Sources */,
				OBJ_152 /* DispatchQueue+Alamofire.swift in Sources */,
				OBJ_153 /* MultipartFormData.swift in Sources */,
				OBJ_154 /* NetworkReachabilityManager.swift in Sources */,
				OBJ_155 /* Notifications.swift in Sources */,
				OBJ_156 /* ParameterEncoding.swift in Sources */,
				OBJ_157 /* Request.swift in Sources */,
				OBJ_158 /* Response.swift in Sources */,
				OBJ_159 /* ResponseSerialization.swift in Sources */,
				OBJ_160 /* Result.swift in Sources */,
				OBJ_161 /* ServerTrustPolicy.swift in Sources */,
				OBJ_162 /* SessionDelegate.swift in Sources */,
				OBJ_163 /* SessionManager.swift in Sources */,
				OBJ_164 /* TaskDelegate.swift in Sources */,
				OBJ_165 /* Timeline.swift in Sources */,
				OBJ_166 /* Validation.swift in Sources */,
			);
			runOnlyForDeploymentPostprocessing = 0;
		};
		OBJ_87 /* Sources */ = {
			isa = PBXSourcesBuildPhase;
			buildActionMask = 0;
			files = (
				OBJ_88 /* Package.swift in Sources */,
			);
			runOnlyForDeploymentPostprocessing = 0;
		};
		OBJ_93 /* Sources */ = {
			isa = PBXSourcesBuildPhase;
			buildActionMask = 0;
			files = (
				OBJ_94 /* Package.swift in Sources */,
			);
			runOnlyForDeploymentPostprocessing = 0;
		};
		OBJ_99 /* Sources */ = {
			isa = PBXSourcesBuildPhase;
			buildActionMask = 0;
			files = (
				OBJ_106 /* IssuesController.swift in Sources */,
				OBJ_110 /* Array+ParameterEncoding.swift in Sources */,
				OBJ_111 /* Date+IS08601.swift in Sources */,
				OBJ_112 /* Globals.swift in Sources */,
				OBJ_113 /* HexColor.swift in Sources */,
				OBJ_115 /* Issue.swift in Sources */,
				OBJ_135 /* IssuesRouter.swift in Sources */,
			);
			runOnlyForDeploymentPostprocessing = 0;
		};
/* End PBXSourcesBuildPhase section */

/* Begin PBXTargetDependency section */
		OBJ_144 /* PBXTargetDependency */ = {
			isa = PBXTargetDependency;
			target = "Alamofire::Alamofire" /* Alamofire */;
			targetProxy = C65D149B1FC285760080B798 /* PBXContainerItemProxy */;
		};
/* End PBXTargetDependency section */

/* Begin XCBuildConfiguration section */
		OBJ_147 /* Debug */ = {
			isa = XCBuildConfiguration;
			buildSettings = {
				ENABLE_TESTABILITY = YES;
				FRAMEWORK_SEARCH_PATHS = (
					"$(inherited)",
					"$(PLATFORM_DIR)/Developer/Library/Frameworks",
				);
				HEADER_SEARCH_PATHS = "$(inherited)";
				INFOPLIST_FILE = SwiftyJIRA.xcodeproj/Alamofire_Info.plist;
				LD_RUNPATH_SEARCH_PATHS = "$(TOOLCHAIN_DIR)/usr/lib/swift/macosx";
				OTHER_LDFLAGS = "$(inherited)";
				OTHER_SWIFT_FLAGS = "$(inherited)";
				PRODUCT_BUNDLE_IDENTIFIER = Alamofire;
				PRODUCT_MODULE_NAME = "$(TARGET_NAME:c99extidentifier)";
				PRODUCT_NAME = "$(TARGET_NAME:c99extidentifier)";
				SKIP_INSTALL = YES;
				SWIFT_VERSION = 3.0;
				TARGET_NAME = Alamofire;
			};
			name = Debug;
		};
		OBJ_148 /* Release */ = {
			isa = XCBuildConfiguration;
			buildSettings = {
				ENABLE_TESTABILITY = YES;
				FRAMEWORK_SEARCH_PATHS = (
					"$(inherited)",
					"$(PLATFORM_DIR)/Developer/Library/Frameworks",
				);
				HEADER_SEARCH_PATHS = "$(inherited)";
				INFOPLIST_FILE = SwiftyJIRA.xcodeproj/Alamofire_Info.plist;
				LD_RUNPATH_SEARCH_PATHS = "$(TOOLCHAIN_DIR)/usr/lib/swift/macosx";
				OTHER_LDFLAGS = "$(inherited)";
				OTHER_SWIFT_FLAGS = "$(inherited)";
				PRODUCT_BUNDLE_IDENTIFIER = Alamofire;
				PRODUCT_MODULE_NAME = "$(TARGET_NAME:c99extidentifier)";
				PRODUCT_NAME = "$(TARGET_NAME:c99extidentifier)";
				SKIP_INSTALL = YES;
				SWIFT_VERSION = 3.0;
				TARGET_NAME = Alamofire;
			};
			name = Release;
		};
		OBJ_3 /* Debug */ = {
			isa = XCBuildConfiguration;
			buildSettings = {
				CLANG_ENABLE_OBJC_ARC = YES;
				COMBINE_HIDPI_IMAGES = YES;
				COPY_PHASE_STRIP = NO;
				DEBUG_INFORMATION_FORMAT = dwarf;
				DYLIB_INSTALL_NAME_BASE = "@rpath";
				ENABLE_NS_ASSERTIONS = YES;
				GCC_OPTIMIZATION_LEVEL = 0;
				MACOSX_DEPLOYMENT_TARGET = 10.10;
				ONLY_ACTIVE_ARCH = YES;
				OTHER_SWIFT_FLAGS = "-DXcode";
				PRODUCT_NAME = "$(TARGET_NAME)";
				SDKROOT = macosx;
				SUPPORTED_PLATFORMS = "macosx iphoneos iphonesimulator appletvos appletvsimulator watchos watchsimulator";
				SWIFT_ACTIVE_COMPILATION_CONDITIONS = SWIFT_PACKAGE;
				SWIFT_OPTIMIZATION_LEVEL = "-Onone";
				USE_HEADERMAP = NO;
			};
			name = Debug;
		};
		OBJ_4 /* Release */ = {
			isa = XCBuildConfiguration;
			buildSettings = {
				CLANG_ENABLE_OBJC_ARC = YES;
				COMBINE_HIDPI_IMAGES = YES;
				COPY_PHASE_STRIP = YES;
				DEBUG_INFORMATION_FORMAT = "dwarf-with-dsym";
				DYLIB_INSTALL_NAME_BASE = "@rpath";
				GCC_OPTIMIZATION_LEVEL = s;
				MACOSX_DEPLOYMENT_TARGET = 10.10;
				OTHER_SWIFT_FLAGS = "-DXcode";
				PRODUCT_NAME = "$(TARGET_NAME)";
				SDKROOT = macosx;
				SUPPORTED_PLATFORMS = "macosx iphoneos iphonesimulator appletvos appletvsimulator watchos watchsimulator";
				SWIFT_ACTIVE_COMPILATION_CONDITIONS = SWIFT_PACKAGE;
				SWIFT_OPTIMIZATION_LEVEL = "-Owholemodule";
				USE_HEADERMAP = NO;
			};
			name = Release;
		};
		OBJ_85 /* Debug */ = {
			isa = XCBuildConfiguration;
			buildSettings = {
				LD = /usr/bin/true;
				OTHER_SWIFT_FLAGS = "-swift-version 4 -I /Applications/Xcode.app/Contents/Developer/Toolchains/XcodeDefault.xctoolchain/usr/lib/swift/pm/4 -target x86_64-apple-macosx10.10 -sdk /Applications/Xcode.app/Contents/Developer/Platforms/MacOSX.platform/Developer/SDKs/MacOSX10.13.sdk";
				SWIFT_VERSION = 4.0;
			};
			name = Debug;
		};
		OBJ_86 /* Release */ = {
			isa = XCBuildConfiguration;
			buildSettings = {
				LD = /usr/bin/true;
				OTHER_SWIFT_FLAGS = "-swift-version 4 -I /Applications/Xcode.app/Contents/Developer/Toolchains/XcodeDefault.xctoolchain/usr/lib/swift/pm/4 -target x86_64-apple-macosx10.10 -sdk /Applications/Xcode.app/Contents/Developer/Platforms/MacOSX.platform/Developer/SDKs/MacOSX10.13.sdk";
				SWIFT_VERSION = 4.0;
			};
			name = Release;
		};
		OBJ_91 /* Debug */ = {
			isa = XCBuildConfiguration;
			buildSettings = {
				LD = /usr/bin/true;
				OTHER_SWIFT_FLAGS = "-swift-version 3 -I /Applications/Xcode.app/Contents/Developer/Toolchains/XcodeDefault.xctoolchain/usr/lib/swift/pm/3 -target x86_64-apple-macosx10.10 -sdk /Applications/Xcode.app/Contents/Developer/Platforms/MacOSX.platform/Developer/SDKs/MacOSX10.13.sdk";
				SWIFT_VERSION = 3.0;
			};
			name = Debug;
		};
		OBJ_92 /* Release */ = {
			isa = XCBuildConfiguration;
			buildSettings = {
				LD = /usr/bin/true;
				OTHER_SWIFT_FLAGS = "-swift-version 3 -I /Applications/Xcode.app/Contents/Developer/Toolchains/XcodeDefault.xctoolchain/usr/lib/swift/pm/3 -target x86_64-apple-macosx10.10 -sdk /Applications/Xcode.app/Contents/Developer/Platforms/MacOSX.platform/Developer/SDKs/MacOSX10.13.sdk";
				SWIFT_VERSION = 3.0;
			};
			name = Release;
		};
		OBJ_97 /* Debug */ = {
			isa = XCBuildConfiguration;
			buildSettings = {
				ENABLE_TESTABILITY = YES;
				FRAMEWORK_SEARCH_PATHS = (
					"$(inherited)",
					"$(PLATFORM_DIR)/Developer/Library/Frameworks",
				);
				HEADER_SEARCH_PATHS = "$(inherited)";
				INFOPLIST_FILE = SwiftyJIRA.xcodeproj/SwiftyJIRA_Info.plist;
				LD_RUNPATH_SEARCH_PATHS = "$(TOOLCHAIN_DIR)/usr/lib/swift/macosx";
				OTHER_LDFLAGS = "$(inherited)";
				OTHER_SWIFT_FLAGS = "$(inherited)";
				PRODUCT_BUNDLE_IDENTIFIER = SwiftyJIRA;
				PRODUCT_MODULE_NAME = "$(TARGET_NAME:c99extidentifier)";
				PRODUCT_NAME = "$(TARGET_NAME:c99extidentifier)";
				SKIP_INSTALL = YES;
				SWIFT_VERSION = 4.0;
				TARGET_NAME = SwiftyJIRA;
			};
			name = Debug;
		};
		OBJ_98 /* Release */ = {
			isa = XCBuildConfiguration;
			buildSettings = {
				ENABLE_TESTABILITY = YES;
				FRAMEWORK_SEARCH_PATHS = (
					"$(inherited)",
					"$(PLATFORM_DIR)/Developer/Library/Frameworks",
				);
				HEADER_SEARCH_PATHS = "$(inherited)";
				INFOPLIST_FILE = SwiftyJIRA.xcodeproj/SwiftyJIRA_Info.plist;
				LD_RUNPATH_SEARCH_PATHS = "$(TOOLCHAIN_DIR)/usr/lib/swift/macosx";
				OTHER_LDFLAGS = "$(inherited)";
				OTHER_SWIFT_FLAGS = "$(inherited)";
				PRODUCT_BUNDLE_IDENTIFIER = SwiftyJIRA;
				PRODUCT_MODULE_NAME = "$(TARGET_NAME:c99extidentifier)";
				PRODUCT_NAME = "$(TARGET_NAME:c99extidentifier)";
				SKIP_INSTALL = YES;
				SWIFT_VERSION = 4.0;
				TARGET_NAME = SwiftyJIRA;
			};
			name = Release;
		};
/* End XCBuildConfiguration section */

/* Begin XCConfigurationList section */
		OBJ_146 /* Build configuration list for PBXNativeTarget "Alamofire" */ = {
			isa = XCConfigurationList;
			buildConfigurations = (
				OBJ_147 /* Debug */,
				OBJ_148 /* Release */,
			);
			defaultConfigurationIsVisible = 0;
			defaultConfigurationName = Debug;
		};
		OBJ_2 /* Build configuration list for PBXProject "SwiftyJIRA" */ = {
			isa = XCConfigurationList;
			buildConfigurations = (
				OBJ_3 /* Debug */,
				OBJ_4 /* Release */,
			);
			defaultConfigurationIsVisible = 0;
			defaultConfigurationName = Debug;
		};
		OBJ_84 /* Build configuration list for PBXNativeTarget "SwiftyJIRAPackageDescription" */ = {
			isa = XCConfigurationList;
			buildConfigurations = (
				OBJ_85 /* Debug */,
				OBJ_86 /* Release */,
			);
			defaultConfigurationIsVisible = 0;
			defaultConfigurationName = Debug;
		};
		OBJ_90 /* Build configuration list for PBXNativeTarget "AlamofirePackageDescription" */ = {
			isa = XCConfigurationList;
			buildConfigurations = (
				OBJ_91 /* Debug */,
				OBJ_92 /* Release */,
			);
			defaultConfigurationIsVisible = 0;
			defaultConfigurationName = Debug;
		};
		OBJ_96 /* Build configuration list for PBXNativeTarget "SwiftyJIRA" */ = {
			isa = XCConfigurationList;
			buildConfigurations = (
				OBJ_97 /* Debug */,
				OBJ_98 /* Release */,
			);
			defaultConfigurationIsVisible = 0;
			defaultConfigurationName = Debug;
		};
/* End XCConfigurationList section */
	};
	rootObject = OBJ_1 /* Project object */;
}
